// !$*UTF8*$!
{
	archiveVersion = 1;
	classes = {
	};
	objectVersion = 48;
	objects = {

/* Begin PBXBuildFile section */
		DBA7A35E1F6464B000CED9A8 /* heap.cpp in Sources */ = {isa = PBXBuildFile; fileRef = DBA7A35D1F6464B000CED9A8 /* heap.cpp */; };
		DBA7A3691F6464FE00CED9A8 /* BfsDfs.cpp in Sources */ = {isa = PBXBuildFile; fileRef = DBA7A3641F6464EA00CED9A8 /* BfsDfs.cpp */; };
		DBBE638D1F6489E900B861A7 /* shortestPath.cpp in Sources */ = {isa = PBXBuildFile; fileRef = DBBE63821F6476E700B861A7 /* shortestPath.cpp */; };
/* End PBXBuildFile section */

/* Begin PBXCopyFilesBuildPhase section */
		DBA7A3581F6464B000CED9A8 /* CopyFiles */ = {
			isa = PBXCopyFilesBuildPhase;
			buildActionMask = 2147483647;
			dstPath = /usr/share/man/man1/;
			dstSubfolderSpec = 0;
			files = (
			);
			runOnlyForDeploymentPostprocessing = 1;
		};
		DBA7A36B1F6464FE00CED9A8 /* CopyFiles */ = {
			isa = PBXCopyFilesBuildPhase;
			buildActionMask = 2147483647;
			dstPath = /usr/share/man/man1/;
			dstSubfolderSpec = 0;
			files = (
			);
			runOnlyForDeploymentPostprocessing = 1;
		};
		DBBE63881F6476FE00B861A7 /* CopyFiles */ = {
			isa = PBXCopyFilesBuildPhase;
			buildActionMask = 2147483647;
			dstPath = /usr/share/man/man1/;
			dstSubfolderSpec = 0;
			files = (
			);
			runOnlyForDeploymentPostprocessing = 1;
		};
/* End PBXCopyFilesBuildPhase section */

/* Begin PBXFileReference section */
		DBA7A35A1F6464B000CED9A8 /* heap */ = {isa = PBXFileReference; explicitFileType = "compiled.mach-o.executable"; includeInIndex = 0; path = heap; sourceTree = BUILT_PRODUCTS_DIR; };
		DBA7A35D1F6464B000CED9A8 /* heap.cpp */ = {isa = PBXFileReference; lastKnownFileType = sourcecode.cpp.cpp; path = heap.cpp; sourceTree = "<group>"; };
		DBA7A3641F6464EA00CED9A8 /* BfsDfs.cpp */ = {isa = PBXFileReference; lastKnownFileType = sourcecode.cpp.cpp; path = BfsDfs.cpp; sourceTree = "<group>"; };
		DBA7A36F1F6464FE00CED9A8 /* BfsDfs */ = {isa = PBXFileReference; explicitFileType = "compiled.mach-o.executable"; includeInIndex = 0; path = BfsDfs; sourceTree = BUILT_PRODUCTS_DIR; };
		DBBE63821F6476E700B861A7 /* shortestPath.cpp */ = {isa = PBXFileReference; lastKnownFileType = sourcecode.cpp.cpp; path = shortestPath.cpp; sourceTree = "<group>"; usesTabs = 0; };
		DBBE638C1F6476FE00B861A7 /* shortestPath */ = {isa = PBXFileReference; explicitFileType = "compiled.mach-o.executable"; includeInIndex = 0; path = shortestPath; sourceTree = BUILT_PRODUCTS_DIR; };
/* End PBXFileReference section */

/* Begin PBXFrameworksBuildPhase section */
		DBA7A3571F6464B000CED9A8 /* Frameworks */ = {
			isa = PBXFrameworksBuildPhase;
			buildActionMask = 2147483647;
			files = (
			);
			runOnlyForDeploymentPostprocessing = 0;
		};
		DBA7A36A1F6464FE00CED9A8 /* Frameworks */ = {
			isa = PBXFrameworksBuildPhase;
			buildActionMask = 2147483647;
			files = (
			);
			runOnlyForDeploymentPostprocessing = 0;
		};
		DBBE63871F6476FE00B861A7 /* Frameworks */ = {
			isa = PBXFrameworksBuildPhase;
			buildActionMask = 2147483647;
			files = (
			);
			runOnlyForDeploymentPostprocessing = 0;
		};
/* End PBXFrameworksBuildPhase section */

/* Begin PBXGroup section */
		DBA7A3511F6464B000CED9A8 = {
			isa = PBXGroup;
			children = (
				DBA7A35C1F6464B000CED9A8 /* BasicAlgorithms */,
				DBA7A35B1F6464B000CED9A8 /* Products */,
			);
			sourceTree = "<group>";
		};
		DBA7A35B1F6464B000CED9A8 /* Products */ = {
			isa = PBXGroup;
			children = (
				DBA7A35A1F6464B000CED9A8 /* heap */,
				DBA7A36F1F6464FE00CED9A8 /* BfsDfs */,
				DBBE638C1F6476FE00B861A7 /* shortestPath */,
			);
			name = Products;
			sourceTree = "<group>";
		};
		DBA7A35C1F6464B000CED9A8 /* BasicAlgorithms */ = {
			isa = PBXGroup;
			children = (
				DBA7A35D1F6464B000CED9A8 /* heap.cpp */,
				DBA7A3641F6464EA00CED9A8 /* BfsDfs.cpp */,
				DBBE63821F6476E700B861A7 /* shortestPath.cpp */,
			);
			path = BasicAlgorithms;
			sourceTree = "<group>";
		};
/* End PBXGroup section */

/* Begin PBXNativeTarget section */
		DBA7A3591F6464B000CED9A8 /* heap */ = {
			isa = PBXNativeTarget;
			buildConfigurationList = DBA7A3611F6464B000CED9A8 /* Build configuration list for PBXNativeTarget "heap" */;
			buildPhases = (
				DBA7A3561F6464B000CED9A8 /* Sources */,
				DBA7A3571F6464B000CED9A8 /* Frameworks */,
				DBA7A3581F6464B000CED9A8 /* CopyFiles */,
			);
			buildRules = (
			);
			dependencies = (
			);
			name = heap;
			productName = BasicAlgorithms;
			productReference = DBA7A35A1F6464B000CED9A8 /* heap */;
			productType = "com.apple.product-type.tool";
		};
		DBA7A3661F6464FE00CED9A8 /* BfsDfs */ = {
			isa = PBXNativeTarget;
			buildConfigurationList = DBA7A36C1F6464FE00CED9A8 /* Build configuration list for PBXNativeTarget "BfsDfs" */;
			buildPhases = (
				DBA7A3671F6464FE00CED9A8 /* Sources */,
				DBA7A36A1F6464FE00CED9A8 /* Frameworks */,
				DBA7A36B1F6464FE00CED9A8 /* CopyFiles */,
			);
			buildRules = (
			);
			dependencies = (
			);
			name = BfsDfs;
			productName = BasicAlgorithms;
			productReference = DBA7A36F1F6464FE00CED9A8 /* BfsDfs */;
			productType = "com.apple.product-type.tool";
		};
		DBBE63841F6476FE00B861A7 /* shortestPath */ = {
			isa = PBXNativeTarget;
			buildConfigurationList = DBBE63891F6476FE00B861A7 /* Build configuration list for PBXNativeTarget "shortestPath" */;
			buildPhases = (
				DBBE63851F6476FE00B861A7 /* Sources */,
				DBBE63871F6476FE00B861A7 /* Frameworks */,
				DBBE63881F6476FE00B861A7 /* CopyFiles */,
			);
			buildRules = (
			);
			dependencies = (
			);
			name = shortestPath;
			productName = BasicAlgorithms;
			productReference = DBBE638C1F6476FE00B861A7 /* shortestPath */;
			productType = "com.apple.product-type.tool";
		};
/* End PBXNativeTarget section */

/* Begin PBXProject section */
		DBA7A3521F6464B000CED9A8 /* Project object */ = {
			isa = PBXProject;
			attributes = {
				LastUpgradeCheck = 0900;
				ORGANIZATIONNAME = AreWeRedYet;
				TargetAttributes = {
					DBA7A3591F6464B000CED9A8 = {
						CreatedOnToolsVersion = 9.0;
						ProvisioningStyle = Automatic;
					};
					DBA7A3661F6464FE00CED9A8 = {
						ProvisioningStyle = Automatic;
					};
					DBBE63841F6476FE00B861A7 = {
						ProvisioningStyle = Automatic;
					};
				};
			};
			buildConfigurationList = DBA7A3551F6464B000CED9A8 /* Build configuration list for PBXProject "BasicAlgorithms" */;
			compatibilityVersion = "Xcode 8.0";
			developmentRegion = en;
			hasScannedForEncodings = 0;
			knownRegions = (
				en,
			);
			mainGroup = DBA7A3511F6464B000CED9A8;
			productRefGroup = DBA7A35B1F6464B000CED9A8 /* Products */;
			projectDirPath = "";
			projectRoot = "";
			targets = (
				DBA7A3591F6464B000CED9A8 /* heap */,
				DBA7A3661F6464FE00CED9A8 /* BfsDfs */,
				DBBE63841F6476FE00B861A7 /* shortestPath */,
			);
		};
/* End PBXProject section */

/* Begin PBXSourcesBuildPhase section */
		DBA7A3561F6464B000CED9A8 /* Sources */ = {
			isa = PBXSourcesBuildPhase;
			buildActionMask = 2147483647;
			files = (
				DBA7A35E1F6464B000CED9A8 /* heap.cpp in Sources */,
			);
			runOnlyForDeploymentPostprocessing = 0;
		};
		DBA7A3671F6464FE00CED9A8 /* Sources */ = {
			isa = PBXSourcesBuildPhase;
			buildActionMask = 2147483647;
			files = (
				DBA7A3691F6464FE00CED9A8 /* BfsDfs.cpp in Sources */,
			);
			runOnlyForDeploymentPostprocessing = 0;
		};
		DBBE63851F6476FE00B861A7 /* Sources */ = {
			isa = PBXSourcesBuildPhase;
			buildActionMask = 2147483647;
			files = (
				DBBE638D1F6489E900B861A7 /* shortestPath.cpp in Sources */,
			);
			runOnlyForDeploymentPostprocessing = 0;
		};
/* End PBXSourcesBuildPhase section */

/* Begin XCBuildConfiguration section */
		DBA7A35F1F6464B000CED9A8 /* Debug */ = {
			isa = XCBuildConfiguration;
			buildSettings = {
				ALWAYS_SEARCH_USER_PATHS = NO;
				CLANG_ANALYZER_NONNULL = YES;
				CLANG_ANALYZER_NUMBER_OBJECT_CONVERSION = YES_AGGRESSIVE;
				CLANG_CXX_LANGUAGE_STANDARD = "gnu++14";
				CLANG_CXX_LIBRARY = "libc++";
				CLANG_ENABLE_MODULES = YES;
				CLANG_ENABLE_OBJC_ARC = YES;
				CLANG_WARN_BLOCK_CAPTURE_AUTORELEASING = YES;
				CLANG_WARN_BOOL_CONVERSION = YES;
				CLANG_WARN_COMMA = YES;
				CLANG_WARN_CONSTANT_CONVERSION = YES;
				CLANG_WARN_DIRECT_OBJC_ISA_USAGE = YES_ERROR;
				CLANG_WARN_DOCUMENTATION_COMMENTS = YES;
				CLANG_WARN_EMPTY_BODY = YES;
				CLANG_WARN_ENUM_CONVERSION = YES;
				CLANG_WARN_INFINITE_RECURSION = YES;
				CLANG_WARN_INT_CONVERSION = YES;
				CLANG_WARN_NON_LITERAL_NULL_CONVERSION = YES;
				CLANG_WARN_OBJC_LITERAL_CONVERSION = YES;
				CLANG_WARN_OBJC_ROOT_CLASS = YES_ERROR;
				CLANG_WARN_RANGE_LOOP_ANALYSIS = YES;
				CLANG_WARN_STRICT_PROTOTYPES = YES;
				CLANG_WARN_SUSPICIOUS_MOVE = YES;
				CLANG_WARN_UNGUARDED_AVAILABILITY = YES_AGGRESSIVE;
				CLANG_WARN_UNREACHABLE_CODE = YES;
				CLANG_WARN__DUPLICATE_METHOD_MATCH = YES;
				CODE_SIGN_IDENTITY = "-";
				COPY_PHASE_STRIP = NO;
				DEBUG_INFORMATION_FORMAT = dwarf;
				ENABLE_STRICT_OBJC_MSGSEND = YES;
				ENABLE_TESTABILITY = YES;
				GCC_C_LANGUAGE_STANDARD = gnu11;
				GCC_DYNAMIC_NO_PIC = NO;
				GCC_NO_COMMON_BLOCKS = YES;
				GCC_OPTIMIZATION_LEVEL = 0;
				GCC_PREPROCESSOR_DEFINITIONS = (
					"DEBUG=1",
					"$(inherited)",
				);
				GCC_WARN_64_TO_32_BIT_CONVERSION = YES;
				GCC_WARN_ABOUT_RETURN_TYPE = YES_ERROR;
				GCC_WARN_UNDECLARED_SELECTOR = YES;
				GCC_WARN_UNINITIALIZED_AUTOS = YES_AGGRESSIVE;
				GCC_WARN_UNUSED_FUNCTION = YES;
				GCC_WARN_UNUSED_VARIABLE = YES;
				MACOSX_DEPLOYMENT_TARGET = 10.12;
				MTL_ENABLE_DEBUG_INFO = YES;
				ONLY_ACTIVE_ARCH = YES;
				SDKROOT = macosx;
			};
			name = Debug;
		};
		DBA7A3601F6464B000CED9A8 /* Release */ = {
			isa = XCBuildConfiguration;
			buildSettings = {
				ALWAYS_SEARCH_USER_PATHS = NO;
				CLANG_ANALYZER_NONNULL = YES;
				CLANG_ANALYZER_NUMBER_OBJECT_CONVERSION = YES_AGGRESSIVE;
				CLANG_CXX_LANGUAGE_STANDARD = "gnu++14";
				CLANG_CXX_LIBRARY = "libc++";
				CLANG_ENABLE_MODULES = YES;
				CLANG_ENABLE_OBJC_ARC = YES;
				CLANG_WARN_BLOCK_CAPTURE_AUTORELEASING = YES;
				CLANG_WARN_BOOL_CONVERSION = YES;
				CLANG_WARN_COMMA = YES;
				CLANG_WARN_CONSTANT_CONVERSION = YES;
				CLANG_WARN_DIRECT_OBJC_ISA_USAGE = YES_ERROR;
				CLANG_WARN_DOCUMENTATION_COMMENTS = YES;
				CLANG_WARN_EMPTY_BODY = YES;
				CLANG_WARN_ENUM_CONVERSION = YES;
				CLANG_WARN_INFINITE_RECURSION = YES;
				CLANG_WARN_INT_CONVERSION = YES;
				CLANG_WARN_NON_LITERAL_NULL_CONVERSION = YES;
				CLANG_WARN_OBJC_LITERAL_CONVERSION = YES;
				CLANG_WARN_OBJC_ROOT_CLASS = YES_ERROR;
				CLANG_WARN_RANGE_LOOP_ANALYSIS = YES;
				CLANG_WARN_STRICT_PROTOTYPES = YES;
				CLANG_WARN_SUSPICIOUS_MOVE = YES;
				CLANG_WARN_UNGUARDED_AVAILABILITY = YES_AGGRESSIVE;
				CLANG_WARN_UNREACHABLE_CODE = YES;
				CLANG_WARN__DUPLICATE_METHOD_MATCH = YES;
				CODE_SIGN_IDENTITY = "-";
				COPY_PHASE_STRIP = NO;
				DEBUG_INFORMATION_FORMAT = "dwarf-with-dsym";
				ENABLE_NS_ASSERTIONS = NO;
				ENABLE_STRICT_OBJC_MSGSEND = YES;
				GCC_C_LANGUAGE_STANDARD = gnu11;
				GCC_NO_COMMON_BLOCKS = YES;
				GCC_WARN_64_TO_32_BIT_CONVERSION = YES;
				GCC_WARN_ABOUT_RETURN_TYPE = YES_ERROR;
				GCC_WARN_UNDECLARED_SELECTOR = YES;
				GCC_WARN_UNINITIALIZED_AUTOS = YES_AGGRESSIVE;
				GCC_WARN_UNUSED_FUNCTION = YES;
				GCC_WARN_UNUSED_VARIABLE = YES;
				MACOSX_DEPLOYMENT_TARGET = 10.12;
				MTL_ENABLE_DEBUG_INFO = NO;
				SDKROOT = macosx;
			};
			name = Release;
		};
		DBA7A3621F6464B000CED9A8 /* Debug */ = {
			isa = XCBuildConfiguration;
			buildSettings = {
				CODE_SIGN_STYLE = Automatic;
				PRODUCT_NAME = "$(TARGET_NAME)";
			};
			name = Debug;
		};
		DBA7A3631F6464B000CED9A8 /* Release */ = {
			isa = XCBuildConfiguration;
			buildSettings = {
				CODE_SIGN_STYLE = Automatic;
				PRODUCT_NAME = "$(TARGET_NAME)";
			};
			name = Release;
		};
		DBA7A36D1F6464FE00CED9A8 /* Debug */ = {
			isa = XCBuildConfiguration;
			buildSettings = {
				CODE_SIGN_STYLE = Automatic;
				PRODUCT_NAME = "$(TARGET_NAME)";
			};
			name = Debug;
		};
		DBA7A36E1F6464FE00CED9A8 /* Release */ = {
			isa = XCBuildConfiguration;
			buildSettings = {
				CODE_SIGN_STYLE = Automatic;
				PRODUCT_NAME = "$(TARGET_NAME)";
			};
			name = Release;
		};
		DBBE638A1F6476FE00B861A7 /* Debug */ = {
			isa = XCBuildConfiguration;
			buildSettings = {
				CODE_SIGN_STYLE = Automatic;
				PRODUCT_NAME = "$(TARGET_NAME)";
			};
			name = Debug;
		};
		DBBE638B1F6476FE00B861A7 /* Release */ = {
			isa = XCBuildConfiguration;
			buildSettings = {
				CODE_SIGN_STYLE = Automatic;
				PRODUCT_NAME = "$(TARGET_NAME)";
			};
			name = Release;
		};
/* End XCBuildConfiguration section */

/* Begin XCConfigurationList section */
		DBA7A3551F6464B000CED9A8 /* Build configuration list for PBXProject "BasicAlgorithms" */ = {
			isa = XCConfigurationList;
			buildConfigurations = (
				DBA7A35F1F6464B000CED9A8 /* Debug */,
				DBA7A3601F6464B000CED9A8 /* Release */,
			);
			defaultConfigurationIsVisible = 0;
			defaultConfigurationName = Release;
		};
		DBA7A3611F6464B000CED9A8 /* Build configuration list for PBXNativeTarget "heap" */ = {
			isa = XCConfigurationList;
			buildConfigurations = (
				DBA7A3621F6464B000CED9A8 /* Debug */,
				DBA7A3631F6464B000CED9A8 /* Release */,
			);
			defaultConfigurationIsVisible = 0;
			defaultConfigurationName = Release;
		};
		DBA7A36C1F6464FE00CED9A8 /* Build configuration list for PBXNativeTarget "BfsDfs" */ = {
			isa = XCConfigurationList;
			buildConfigurations = (
				DBA7A36D1F6464FE00CED9A8 /* Debug */,
				DBA7A36E1F6464FE00CED9A8 /* Release */,
			);
			defaultConfigurationIsVisible = 0;
			defaultConfigurationName = Release;
		};
		DBBE63891F6476FE00B861A7 /* Build configuration list for PBXNativeTarget "shortestPath" */ = {
			isa = XCConfigurationList;
			buildConfigurations = (
				DBBE638A1F6476FE00B861A7 /* Debug */,
				DBBE638B1F6476FE00B861A7 /* Release */,
			);
			defaultConfigurationIsVisible = 0;
			defaultConfigurationName = Release;
		};
/* End XCConfigurationList section */
	};
	rootObject = DBA7A3521F6464B000CED9A8 /* Project object */;
}
