// !$*UTF8*$!
{
	archiveVersion = 1;
	classes = {
	};
	objectVersion = 48;
	objects = {

/* Begin PBXBuildFile section */
		DB55F6491F69E36700971AF5 /* appleAndOrange.cpp in Sources */ = {isa = PBXBuildFile; fileRef = DB55F6481F69E36700971AF5 /* appleAndOrange.cpp */; };
		DB55F6591F69E93A00971AF5 /* gradingStudents.cpp in Sources */ = {isa = PBXBuildFile; fileRef = DB55F6581F69E93A00971AF5 /* gradingStudents.cpp */; };
		DB55F6641F69EC5800971AF5 /* kangaroo.cpp in Sources */ = {isa = PBXBuildFile; fileRef = DB55F6631F69EC5800971AF5 /* kangaroo.cpp */; };
		DB69DDB81F6C9EE7002A8621 /* divisibleSumPairs.cpp in Sources */ = {isa = PBXBuildFile; fileRef = DB69DDB31F6C9EDA002A8621 /* divisibleSumPairs.cpp */; };
		DB69DDC91F6C9FEF002A8621 /* birthdayChocolate.cpp in Sources */ = {isa = PBXBuildFile; fileRef = DB69DDC81F6C9FEF002A8621 /* birthdayChocolate.cpp */; };
		DB888E431F6B18A700E95ECB /* betweenTwoSets.cpp in Sources */ = {isa = PBXBuildFile; fileRef = DB888E381F6B188F00E95ECB /* betweenTwoSets.cpp */; };
		DB888E501F6B1AFC00E95ECB /* breakingTheRecords.cpp in Sources */ = {isa = PBXBuildFile; fileRef = DB888E441F6B198500E95ECB /* breakingTheRecords.cpp */; };
/* End PBXBuildFile section */

/* Begin PBXCopyFilesBuildPhase section */
		DB55F6431F69E36700971AF5 /* CopyFiles */ = {
			isa = PBXCopyFilesBuildPhase;
			buildActionMask = 2147483647;
			dstPath = /usr/share/man/man1/;
			dstSubfolderSpec = 0;
			files = (
			);
			runOnlyForDeploymentPostprocessing = 1;
		};
		DB55F6531F69E92600971AF5 /* CopyFiles */ = {
			isa = PBXCopyFilesBuildPhase;
			buildActionMask = 2147483647;
			dstPath = /usr/share/man/man1/;
			dstSubfolderSpec = 0;
			files = (
			);
			runOnlyForDeploymentPostprocessing = 1;
		};
		DB55F65E1F69EC4700971AF5 /* CopyFiles */ = {
			isa = PBXCopyFilesBuildPhase;
			buildActionMask = 2147483647;
			dstPath = /usr/share/man/man1/;
			dstSubfolderSpec = 0;
			files = (
			);
			runOnlyForDeploymentPostprocessing = 1;
		};
		DB69DDBA1F6C9EE7002A8621 /* CopyFiles */ = {
			isa = PBXCopyFilesBuildPhase;
			buildActionMask = 2147483647;
			dstPath = /usr/share/man/man1/;
			dstSubfolderSpec = 0;
			files = (
			);
			runOnlyForDeploymentPostprocessing = 1;
		};
		DB69DDC31F6C9FA4002A8621 /* CopyFiles */ = {
			isa = PBXCopyFilesBuildPhase;
			buildActionMask = 2147483647;
			dstPath = /usr/share/man/man1/;
			dstSubfolderSpec = 0;
			files = (
			);
			runOnlyForDeploymentPostprocessing = 1;
		};
		DB888E3E1F6B189C00E95ECB /* CopyFiles */ = {
			isa = PBXCopyFilesBuildPhase;
			buildActionMask = 2147483647;
			dstPath = /usr/share/man/man1/;
			dstSubfolderSpec = 0;
			files = (
			);
			runOnlyForDeploymentPostprocessing = 1;
		};
		DB888E4B1F6B199200E95ECB /* CopyFiles */ = {
			isa = PBXCopyFilesBuildPhase;
			buildActionMask = 2147483647;
			dstPath = /usr/share/man/man1/;
			dstSubfolderSpec = 0;
			files = (
			);
			runOnlyForDeploymentPostprocessing = 1;
		};
/* End PBXCopyFilesBuildPhase section */

/* Begin PBXFileReference section */
		DB55F6451F69E36700971AF5 /* appleAndOrange */ = {isa = PBXFileReference; explicitFileType = "compiled.mach-o.executable"; includeInIndex = 0; path = appleAndOrange; sourceTree = BUILT_PRODUCTS_DIR; };
		DB55F6481F69E36700971AF5 /* appleAndOrange.cpp */ = {isa = PBXFileReference; lastKnownFileType = sourcecode.cpp.cpp; path = appleAndOrange.cpp; sourceTree = "<group>"; };
		DB55F6571F69E92600971AF5 /* gradingStudents */ = {isa = PBXFileReference; explicitFileType = "compiled.mach-o.executable"; includeInIndex = 0; path = gradingStudents; sourceTree = BUILT_PRODUCTS_DIR; };
		DB55F6581F69E93A00971AF5 /* gradingStudents.cpp */ = {isa = PBXFileReference; lastKnownFileType = sourcecode.cpp.cpp; path = gradingStudents.cpp; sourceTree = "<group>"; };
		DB55F6621F69EC4700971AF5 /* kangaroo */ = {isa = PBXFileReference; explicitFileType = "compiled.mach-o.executable"; includeInIndex = 0; path = kangaroo; sourceTree = BUILT_PRODUCTS_DIR; };
		DB55F6631F69EC5800971AF5 /* kangaroo.cpp */ = {isa = PBXFileReference; lastKnownFileType = sourcecode.cpp.cpp; path = kangaroo.cpp; sourceTree = "<group>"; };
		DB69DDB31F6C9EDA002A8621 /* divisibleSumPairs.cpp */ = {isa = PBXFileReference; lastKnownFileType = sourcecode.cpp.cpp; path = divisibleSumPairs.cpp; sourceTree = "<group>"; };
		DB69DDBE1F6C9EE7002A8621 /* divisibleSumPairs */ = {isa = PBXFileReference; explicitFileType = "compiled.mach-o.executable"; includeInIndex = 0; path = divisibleSumPairs; sourceTree = BUILT_PRODUCTS_DIR; };
		DB69DDC71F6C9FA4002A8621 /* birthdayChocolate */ = {isa = PBXFileReference; explicitFileType = "compiled.mach-o.executable"; includeInIndex = 0; path = birthdayChocolate; sourceTree = BUILT_PRODUCTS_DIR; };
		DB69DDC81F6C9FEF002A8621 /* birthdayChocolate.cpp */ = {isa = PBXFileReference; lastKnownFileType = sourcecode.cpp.cpp; path = birthdayChocolate.cpp; sourceTree = "<group>"; };
		DB888E381F6B188F00E95ECB /* betweenTwoSets.cpp */ = {isa = PBXFileReference; lastKnownFileType = sourcecode.cpp.cpp; path = betweenTwoSets.cpp; sourceTree = "<group>"; };
		DB888E421F6B189C00E95ECB /* betweenTwoSets */ = {isa = PBXFileReference; explicitFileType = "compiled.mach-o.executable"; includeInIndex = 0; path = betweenTwoSets; sourceTree = BUILT_PRODUCTS_DIR; };
		DB888E441F6B198500E95ECB /* breakingTheRecords.cpp */ = {isa = PBXFileReference; lastKnownFileType = sourcecode.cpp.cpp; path = breakingTheRecords.cpp; sourceTree = "<group>"; };
		DB888E4F1F6B199200E95ECB /* breakingTheRecords */ = {isa = PBXFileReference; explicitFileType = "compiled.mach-o.executable"; includeInIndex = 0; path = breakingTheRecords; sourceTree = BUILT_PRODUCTS_DIR; };
/* End PBXFileReference section */

/* Begin PBXFrameworksBuildPhase section */
		DB55F6421F69E36700971AF5 /* Frameworks */ = {
			isa = PBXFrameworksBuildPhase;
			buildActionMask = 2147483647;
			files = (
			);
			runOnlyForDeploymentPostprocessing = 0;
		};
		DB55F6521F69E92600971AF5 /* Frameworks */ = {
			isa = PBXFrameworksBuildPhase;
			buildActionMask = 2147483647;
			files = (
			);
			runOnlyForDeploymentPostprocessing = 0;
		};
		DB55F65D1F69EC4700971AF5 /* Frameworks */ = {
			isa = PBXFrameworksBuildPhase;
			buildActionMask = 2147483647;
			files = (
			);
			runOnlyForDeploymentPostprocessing = 0;
		};
		DB69DDB91F6C9EE7002A8621 /* Frameworks */ = {
			isa = PBXFrameworksBuildPhase;
			buildActionMask = 2147483647;
			files = (
			);
			runOnlyForDeploymentPostprocessing = 0;
		};
		DB69DDC21F6C9FA4002A8621 /* Frameworks */ = {
			isa = PBXFrameworksBuildPhase;
			buildActionMask = 2147483647;
			files = (
			);
			runOnlyForDeploymentPostprocessing = 0;
		};
		DB888E3D1F6B189C00E95ECB /* Frameworks */ = {
			isa = PBXFrameworksBuildPhase;
			buildActionMask = 2147483647;
			files = (
			);
			runOnlyForDeploymentPostprocessing = 0;
		};
		DB888E4A1F6B199200E95ECB /* Frameworks */ = {
			isa = PBXFrameworksBuildPhase;
			buildActionMask = 2147483647;
			files = (
			);
			runOnlyForDeploymentPostprocessing = 0;
		};
/* End PBXFrameworksBuildPhase section */

/* Begin PBXGroup section */
		DB55F63C1F69E36700971AF5 = {
			isa = PBXGroup;
			children = (
				DB55F6471F69E36700971AF5 /* Implementation */,
				DB55F6461F69E36700971AF5 /* Products */,
			);
			sourceTree = "<group>";
		};
		DB55F6461F69E36700971AF5 /* Products */ = {
			isa = PBXGroup;
			children = (
				DB55F6451F69E36700971AF5 /* appleAndOrange */,
				DB55F6571F69E92600971AF5 /* gradingStudents */,
				DB55F6621F69EC4700971AF5 /* kangaroo */,
				DB888E421F6B189C00E95ECB /* betweenTwoSets */,
				DB888E4F1F6B199200E95ECB /* breakingTheRecords */,
				DB69DDBE1F6C9EE7002A8621 /* divisibleSumPairs */,
				DB69DDC71F6C9FA4002A8621 /* birthdayChocolate */,
			);
			name = Products;
			sourceTree = "<group>";
		};
		DB55F6471F69E36700971AF5 /* Implementation */ = {
			isa = PBXGroup;
			children = (
				DB55F6481F69E36700971AF5 /* appleAndOrange.cpp */,
				DB55F6581F69E93A00971AF5 /* gradingStudents.cpp */,
				DB55F6631F69EC5800971AF5 /* kangaroo.cpp */,
				DB888E381F6B188F00E95ECB /* betweenTwoSets.cpp */,
				DB888E441F6B198500E95ECB /* breakingTheRecords.cpp */,
				DB69DDB31F6C9EDA002A8621 /* divisibleSumPairs.cpp */,
				DB69DDC81F6C9FEF002A8621 /* birthdayChocolate.cpp */,
			);
			path = Implementation;
			sourceTree = "<group>";
		};
/* End PBXGroup section */

/* Begin PBXNativeTarget section */
		DB55F6441F69E36700971AF5 /* appleAndOrange */ = {
			isa = PBXNativeTarget;
			buildConfigurationList = DB55F64C1F69E36700971AF5 /* Build configuration list for PBXNativeTarget "appleAndOrange" */;
			buildPhases = (
				DB55F6411F69E36700971AF5 /* Sources */,
				DB55F6421F69E36700971AF5 /* Frameworks */,
				DB55F6431F69E36700971AF5 /* CopyFiles */,
			);
			buildRules = (
			);
			dependencies = (
			);
			name = appleAndOrange;
			productName = Implementation;
			productReference = DB55F6451F69E36700971AF5 /* appleAndOrange */;
			productType = "com.apple.product-type.tool";
		};
		DB55F64F1F69E92600971AF5 /* gradingStudents */ = {
			isa = PBXNativeTarget;
			buildConfigurationList = DB55F6541F69E92600971AF5 /* Build configuration list for PBXNativeTarget "gradingStudents" */;
			buildPhases = (
				DB55F6501F69E92600971AF5 /* Sources */,
				DB55F6521F69E92600971AF5 /* Frameworks */,
				DB55F6531F69E92600971AF5 /* CopyFiles */,
			);
			buildRules = (
			);
			dependencies = (
			);
			name = gradingStudents;
			productName = Implementation;
			productReference = DB55F6571F69E92600971AF5 /* gradingStudents */;
			productType = "com.apple.product-type.tool";
		};
		DB55F65A1F69EC4700971AF5 /* kangaroo */ = {
			isa = PBXNativeTarget;
			buildConfigurationList = DB55F65F1F69EC4700971AF5 /* Build configuration list for PBXNativeTarget "kangaroo" */;
			buildPhases = (
				DB55F65B1F69EC4700971AF5 /* Sources */,
				DB55F65D1F69EC4700971AF5 /* Frameworks */,
				DB55F65E1F69EC4700971AF5 /* CopyFiles */,
			);
			buildRules = (
			);
			dependencies = (
			);
			name = kangaroo;
			productName = Implementation;
			productReference = DB55F6621F69EC4700971AF5 /* kangaroo */;
			productType = "com.apple.product-type.tool";
		};
		DB69DDB51F6C9EE7002A8621 /* divisibleSumPairs */ = {
			isa = PBXNativeTarget;
			buildConfigurationList = DB69DDBB1F6C9EE7002A8621 /* Build configuration list for PBXNativeTarget "divisibleSumPairs" */;
			buildPhases = (
				DB69DDB61F6C9EE7002A8621 /* Sources */,
				DB69DDB91F6C9EE7002A8621 /* Frameworks */,
				DB69DDBA1F6C9EE7002A8621 /* CopyFiles */,
			);
			buildRules = (
			);
			dependencies = (
			);
			name = divisibleSumPairs;
			productName = Implementation;
			productReference = DB69DDBE1F6C9EE7002A8621 /* divisibleSumPairs */;
			productType = "com.apple.product-type.tool";
		};
		DB69DDBF1F6C9FA4002A8621 /* birthdayChocolate */ = {
			isa = PBXNativeTarget;
			buildConfigurationList = DB69DDC41F6C9FA4002A8621 /* Build configuration list for PBXNativeTarget "birthdayChocolate" */;
			buildPhases = (
				DB69DDC01F6C9FA4002A8621 /* Sources */,
				DB69DDC21F6C9FA4002A8621 /* Frameworks */,
				DB69DDC31F6C9FA4002A8621 /* CopyFiles */,
			);
			buildRules = (
			);
			dependencies = (
			);
			name = birthdayChocolate;
			productName = Implementation;
			productReference = DB69DDC71F6C9FA4002A8621 /* birthdayChocolate */;
			productType = "com.apple.product-type.tool";
		};
		DB888E3A1F6B189C00E95ECB /* betweenTwoSets */ = {
			isa = PBXNativeTarget;
			buildConfigurationList = DB888E3F1F6B189C00E95ECB /* Build configuration list for PBXNativeTarget "betweenTwoSets" */;
			buildPhases = (
				DB888E3B1F6B189C00E95ECB /* Sources */,
				DB888E3D1F6B189C00E95ECB /* Frameworks */,
				DB888E3E1F6B189C00E95ECB /* CopyFiles */,
			);
			buildRules = (
			);
			dependencies = (
			);
			name = betweenTwoSets;
			productName = Implementation;
			productReference = DB888E421F6B189C00E95ECB /* betweenTwoSets */;
			productType = "com.apple.product-type.tool";
		};
		DB888E461F6B199200E95ECB /* breakingTheRecords */ = {
			isa = PBXNativeTarget;
			buildConfigurationList = DB888E4C1F6B199200E95ECB /* Build configuration list for PBXNativeTarget "breakingTheRecords" */;
			buildPhases = (
				DB888E471F6B199200E95ECB /* Sources */,
				DB888E4A1F6B199200E95ECB /* Frameworks */,
				DB888E4B1F6B199200E95ECB /* CopyFiles */,
			);
			buildRules = (
			);
			dependencies = (
			);
			name = breakingTheRecords;
			productName = Implementation;
			productReference = DB888E4F1F6B199200E95ECB /* breakingTheRecords */;
			productType = "com.apple.product-type.tool";
		};
/* End PBXNativeTarget section */

/* Begin PBXProject section */
		DB55F63D1F69E36700971AF5 /* Project object */ = {
			isa = PBXProject;
			attributes = {
				LastUpgradeCheck = 0900;
				ORGANIZATIONNAME = AreWeRedYet;
				TargetAttributes = {
					DB55F6441F69E36700971AF5 = {
						CreatedOnToolsVersion = 9.0;
						ProvisioningStyle = Automatic;
					};
					DB55F64F1F69E92600971AF5 = {
						ProvisioningStyle = Automatic;
					};
					DB55F65A1F69EC4700971AF5 = {
						ProvisioningStyle = Automatic;
					};
					DB69DDB51F6C9EE7002A8621 = {
						ProvisioningStyle = Automatic;
					};
					DB69DDBF1F6C9FA4002A8621 = {
						ProvisioningStyle = Automatic;
					};
					DB888E3A1F6B189C00E95ECB = {
						ProvisioningStyle = Automatic;
					};
					DB888E461F6B199200E95ECB = {
						ProvisioningStyle = Automatic;
					};
				};
			};
			buildConfigurationList = DB55F6401F69E36700971AF5 /* Build configuration list for PBXProject "Implementation" */;
			compatibilityVersion = "Xcode 8.0";
			developmentRegion = en;
			hasScannedForEncodings = 0;
			knownRegions = (
				en,
			);
			mainGroup = DB55F63C1F69E36700971AF5;
			productRefGroup = DB55F6461F69E36700971AF5 /* Products */;
			projectDirPath = "";
			projectRoot = "";
			targets = (
				DB55F6441F69E36700971AF5 /* appleAndOrange */,
				DB55F64F1F69E92600971AF5 /* gradingStudents */,
				DB55F65A1F69EC4700971AF5 /* kangaroo */,
				DB888E3A1F6B189C00E95ECB /* betweenTwoSets */,
				DB888E461F6B199200E95ECB /* breakingTheRecords */,
				DB69DDB51F6C9EE7002A8621 /* divisibleSumPairs */,
				DB69DDBF1F6C9FA4002A8621 /* birthdayChocolate */,
			);
		};
/* End PBXProject section */

/* Begin PBXSourcesBuildPhase section */
		DB55F6411F69E36700971AF5 /* Sources */ = {
			isa = PBXSourcesBuildPhase;
			buildActionMask = 2147483647;
			files = (
				DB55F6491F69E36700971AF5 /* appleAndOrange.cpp in Sources */,
			);
			runOnlyForDeploymentPostprocessing = 0;
		};
		DB55F6501F69E92600971AF5 /* Sources */ = {
			isa = PBXSourcesBuildPhase;
			buildActionMask = 2147483647;
			files = (
				DB55F6591F69E93A00971AF5 /* gradingStudents.cpp in Sources */,
			);
			runOnlyForDeploymentPostprocessing = 0;
		};
		DB55F65B1F69EC4700971AF5 /* Sources */ = {
			isa = PBXSourcesBuildPhase;
			buildActionMask = 2147483647;
			files = (
				DB55F6641F69EC5800971AF5 /* kangaroo.cpp in Sources */,
			);
			runOnlyForDeploymentPostprocessing = 0;
		};
		DB69DDB61F6C9EE7002A8621 /* Sources */ = {
			isa = PBXSourcesBuildPhase;
			buildActionMask = 2147483647;
			files = (
				DB69DDB81F6C9EE7002A8621 /* divisibleSumPairs.cpp in Sources */,
			);
			runOnlyForDeploymentPostprocessing = 0;
		};
		DB69DDC01F6C9FA4002A8621 /* Sources */ = {
			isa = PBXSourcesBuildPhase;
			buildActionMask = 2147483647;
			files = (
				DB69DDC91F6C9FEF002A8621 /* birthdayChocolate.cpp in Sources */,
			);
			runOnlyForDeploymentPostprocessing = 0;
		};
		DB888E3B1F6B189C00E95ECB /* Sources */ = {
			isa = PBXSourcesBuildPhase;
			buildActionMask = 2147483647;
			files = (
				DB888E431F6B18A700E95ECB /* betweenTwoSets.cpp in Sources */,
			);
			runOnlyForDeploymentPostprocessing = 0;
		};
		DB888E471F6B199200E95ECB /* Sources */ = {
			isa = PBXSourcesBuildPhase;
			buildActionMask = 2147483647;
			files = (
				DB888E501F6B1AFC00E95ECB /* breakingTheRecords.cpp in Sources */,
			);
			runOnlyForDeploymentPostprocessing = 0;
		};
/* End PBXSourcesBuildPhase section */

/* Begin XCBuildConfiguration section */
		DB55F64A1F69E36700971AF5 /* Debug */ = {
			isa = XCBuildConfiguration;
			buildSettings = {
				ALWAYS_SEARCH_USER_PATHS = NO;
				CLANG_ANALYZER_NONNULL = YES;
				CLANG_ANALYZER_NUMBER_OBJECT_CONVERSION = YES_AGGRESSIVE;
				CLANG_CXX_LANGUAGE_STANDARD = "gnu++14";
				CLANG_CXX_LIBRARY = "libc++";
				CLANG_ENABLE_MODULES = YES;
				CLANG_ENABLE_OBJC_ARC = YES;
				CLANG_WARN_BLOCK_CAPTURE_AUTORELEASING = YES;
				CLANG_WARN_BOOL_CONVERSION = YES;
				CLANG_WARN_COMMA = YES;
				CLANG_WARN_CONSTANT_CONVERSION = YES;
				CLANG_WARN_DIRECT_OBJC_ISA_USAGE = YES_ERROR;
				CLANG_WARN_DOCUMENTATION_COMMENTS = YES;
				CLANG_WARN_EMPTY_BODY = YES;
				CLANG_WARN_ENUM_CONVERSION = YES;
				CLANG_WARN_INFINITE_RECURSION = YES;
				CLANG_WARN_INT_CONVERSION = YES;
				CLANG_WARN_NON_LITERAL_NULL_CONVERSION = YES;
				CLANG_WARN_OBJC_LITERAL_CONVERSION = YES;
				CLANG_WARN_OBJC_ROOT_CLASS = YES_ERROR;
				CLANG_WARN_RANGE_LOOP_ANALYSIS = YES;
				CLANG_WARN_STRICT_PROTOTYPES = YES;
				CLANG_WARN_SUSPICIOUS_MOVE = YES;
				CLANG_WARN_UNGUARDED_AVAILABILITY = YES_AGGRESSIVE;
				CLANG_WARN_UNREACHABLE_CODE = YES;
				CLANG_WARN__DUPLICATE_METHOD_MATCH = YES;
				CODE_SIGN_IDENTITY = "-";
				COPY_PHASE_STRIP = NO;
				DEBUG_INFORMATION_FORMAT = dwarf;
				ENABLE_STRICT_OBJC_MSGSEND = YES;
				ENABLE_TESTABILITY = YES;
				GCC_C_LANGUAGE_STANDARD = gnu11;
				GCC_DYNAMIC_NO_PIC = NO;
				GCC_NO_COMMON_BLOCKS = YES;
				GCC_OPTIMIZATION_LEVEL = 0;
				GCC_PREPROCESSOR_DEFINITIONS = (
					"DEBUG=1",
					"$(inherited)",
				);
				GCC_WARN_64_TO_32_BIT_CONVERSION = YES;
				GCC_WARN_ABOUT_RETURN_TYPE = YES_ERROR;
				GCC_WARN_UNDECLARED_SELECTOR = YES;
				GCC_WARN_UNINITIALIZED_AUTOS = YES_AGGRESSIVE;
				GCC_WARN_UNUSED_FUNCTION = YES;
				GCC_WARN_UNUSED_VARIABLE = YES;
				MACOSX_DEPLOYMENT_TARGET = 10.12;
				MTL_ENABLE_DEBUG_INFO = YES;
				ONLY_ACTIVE_ARCH = YES;
				SDKROOT = macosx;
			};
			name = Debug;
		};
		DB55F64B1F69E36700971AF5 /* Release */ = {
			isa = XCBuildConfiguration;
			buildSettings = {
				ALWAYS_SEARCH_USER_PATHS = NO;
				CLANG_ANALYZER_NONNULL = YES;
				CLANG_ANALYZER_NUMBER_OBJECT_CONVERSION = YES_AGGRESSIVE;
				CLANG_CXX_LANGUAGE_STANDARD = "gnu++14";
				CLANG_CXX_LIBRARY = "libc++";
				CLANG_ENABLE_MODULES = YES;
				CLANG_ENABLE_OBJC_ARC = YES;
				CLANG_WARN_BLOCK_CAPTURE_AUTORELEASING = YES;
				CLANG_WARN_BOOL_CONVERSION = YES;
				CLANG_WARN_COMMA = YES;
				CLANG_WARN_CONSTANT_CONVERSION = YES;
				CLANG_WARN_DIRECT_OBJC_ISA_USAGE = YES_ERROR;
				CLANG_WARN_DOCUMENTATION_COMMENTS = YES;
				CLANG_WARN_EMPTY_BODY = YES;
				CLANG_WARN_ENUM_CONVERSION = YES;
				CLANG_WARN_INFINITE_RECURSION = YES;
				CLANG_WARN_INT_CONVERSION = YES;
				CLANG_WARN_NON_LITERAL_NULL_CONVERSION = YES;
				CLANG_WARN_OBJC_LITERAL_CONVERSION = YES;
				CLANG_WARN_OBJC_ROOT_CLASS = YES_ERROR;
				CLANG_WARN_RANGE_LOOP_ANALYSIS = YES;
				CLANG_WARN_STRICT_PROTOTYPES = YES;
				CLANG_WARN_SUSPICIOUS_MOVE = YES;
				CLANG_WARN_UNGUARDED_AVAILABILITY = YES_AGGRESSIVE;
				CLANG_WARN_UNREACHABLE_CODE = YES;
				CLANG_WARN__DUPLICATE_METHOD_MATCH = YES;
				CODE_SIGN_IDENTITY = "-";
				COPY_PHASE_STRIP = NO;
				DEBUG_INFORMATION_FORMAT = "dwarf-with-dsym";
				ENABLE_NS_ASSERTIONS = NO;
				ENABLE_STRICT_OBJC_MSGSEND = YES;
				GCC_C_LANGUAGE_STANDARD = gnu11;
				GCC_NO_COMMON_BLOCKS = YES;
				GCC_WARN_64_TO_32_BIT_CONVERSION = YES;
				GCC_WARN_ABOUT_RETURN_TYPE = YES_ERROR;
				GCC_WARN_UNDECLARED_SELECTOR = YES;
				GCC_WARN_UNINITIALIZED_AUTOS = YES_AGGRESSIVE;
				GCC_WARN_UNUSED_FUNCTION = YES;
				GCC_WARN_UNUSED_VARIABLE = YES;
				MACOSX_DEPLOYMENT_TARGET = 10.12;
				MTL_ENABLE_DEBUG_INFO = NO;
				SDKROOT = macosx;
			};
			name = Release;
		};
		DB55F64D1F69E36700971AF5 /* Debug */ = {
			isa = XCBuildConfiguration;
			buildSettings = {
				CODE_SIGN_STYLE = Automatic;
				PRODUCT_NAME = "$(TARGET_NAME)";
			};
			name = Debug;
		};
		DB55F64E1F69E36700971AF5 /* Release */ = {
			isa = XCBuildConfiguration;
			buildSettings = {
				CODE_SIGN_STYLE = Automatic;
				PRODUCT_NAME = "$(TARGET_NAME)";
			};
			name = Release;
		};
		DB55F6551F69E92600971AF5 /* Debug */ = {
			isa = XCBuildConfiguration;
			buildSettings = {
				CODE_SIGN_STYLE = Automatic;
				PRODUCT_NAME = "$(TARGET_NAME)";
			};
			name = Debug;
		};
		DB55F6561F69E92600971AF5 /* Release */ = {
			isa = XCBuildConfiguration;
			buildSettings = {
				CODE_SIGN_STYLE = Automatic;
				PRODUCT_NAME = "$(TARGET_NAME)";
			};
			name = Release;
		};
		DB55F6601F69EC4700971AF5 /* Debug */ = {
			isa = XCBuildConfiguration;
			buildSettings = {
				CODE_SIGN_STYLE = Automatic;
				PRODUCT_NAME = "$(TARGET_NAME)";
			};
			name = Debug;
		};
		DB55F6611F69EC4700971AF5 /* Release */ = {
			isa = XCBuildConfiguration;
			buildSettings = {
				CODE_SIGN_STYLE = Automatic;
				PRODUCT_NAME = "$(TARGET_NAME)";
			};
			name = Release;
		};
		DB69DDBC1F6C9EE7002A8621 /* Debug */ = {
			isa = XCBuildConfiguration;
			buildSettings = {
				CODE_SIGN_STYLE = Automatic;
				PRODUCT_NAME = "$(TARGET_NAME)";
			};
			name = Debug;
		};
		DB69DDBD1F6C9EE7002A8621 /* Release */ = {
			isa = XCBuildConfiguration;
			buildSettings = {
				CODE_SIGN_STYLE = Automatic;
				PRODUCT_NAME = "$(TARGET_NAME)";
			};
			name = Release;
		};
		DB69DDC51F6C9FA4002A8621 /* Debug */ = {
			isa = XCBuildConfiguration;
			buildSettings = {
				CODE_SIGN_STYLE = Automatic;
				PRODUCT_NAME = "$(TARGET_NAME)";
			};
			name = Debug;
		};
		DB69DDC61F6C9FA4002A8621 /* Release */ = {
			isa = XCBuildConfiguration;
			buildSettings = {
				CODE_SIGN_STYLE = Automatic;
				PRODUCT_NAME = "$(TARGET_NAME)";
			};
			name = Release;
		};
		DB888E401F6B189C00E95ECB /* Debug */ = {
			isa = XCBuildConfiguration;
			buildSettings = {
				CODE_SIGN_STYLE = Automatic;
				PRODUCT_NAME = "$(TARGET_NAME)";
			};
			name = Debug;
		};
		DB888E411F6B189C00E95ECB /* Release */ = {
			isa = XCBuildConfiguration;
			buildSettings = {
				CODE_SIGN_STYLE = Automatic;
				PRODUCT_NAME = "$(TARGET_NAME)";
			};
			name = Release;
		};
		DB888E4D1F6B199200E95ECB /* Debug */ = {
			isa = XCBuildConfiguration;
			buildSettings = {
				CODE_SIGN_STYLE = Automatic;
				PRODUCT_NAME = "$(TARGET_NAME)";
			};
			name = Debug;
		};
		DB888E4E1F6B199200E95ECB /* Release */ = {
			isa = XCBuildConfiguration;
			buildSettings = {
				CODE_SIGN_STYLE = Automatic;
				PRODUCT_NAME = "$(TARGET_NAME)";
			};
			name = Release;
		};
/* End XCBuildConfiguration section */

/* Begin XCConfigurationList section */
		DB55F6401F69E36700971AF5 /* Build configuration list for PBXProject "Implementation" */ = {
			isa = XCConfigurationList;
			buildConfigurations = (
				DB55F64A1F69E36700971AF5 /* Debug */,
				DB55F64B1F69E36700971AF5 /* Release */,
			);
			defaultConfigurationIsVisible = 0;
			defaultConfigurationName = Release;
		};
		DB55F64C1F69E36700971AF5 /* Build configuration list for PBXNativeTarget "appleAndOrange" */ = {
			isa = XCConfigurationList;
			buildConfigurations = (
				DB55F64D1F69E36700971AF5 /* Debug */,
				DB55F64E1F69E36700971AF5 /* Release */,
			);
			defaultConfigurationIsVisible = 0;
			defaultConfigurationName = Release;
		};
		DB55F6541F69E92600971AF5 /* Build configuration list for PBXNativeTarget "gradingStudents" */ = {
			isa = XCConfigurationList;
			buildConfigurations = (
				DB55F6551F69E92600971AF5 /* Debug */,
				DB55F6561F69E92600971AF5 /* Release */,
			);
			defaultConfigurationIsVisible = 0;
			defaultConfigurationName = Release;
		};
		DB55F65F1F69EC4700971AF5 /* Build configuration list for PBXNativeTarget "kangaroo" */ = {
			isa = XCConfigurationList;
			buildConfigurations = (
				DB55F6601F69EC4700971AF5 /* Debug */,
				DB55F6611F69EC4700971AF5 /* Release */,
			);
			defaultConfigurationIsVisible = 0;
			defaultConfigurationName = Release;
		};
		DB69DDBB1F6C9EE7002A8621 /* Build configuration list for PBXNativeTarget "divisibleSumPairs" */ = {
			isa = XCConfigurationList;
			buildConfigurations = (
				DB69DDBC1F6C9EE7002A8621 /* Debug */,
				DB69DDBD1F6C9EE7002A8621 /* Release */,
			);
			defaultConfigurationIsVisible = 0;
			defaultConfigurationName = Release;
		};
		DB69DDC41F6C9FA4002A8621 /* Build configuration list for PBXNativeTarget "birthdayChocolate" */ = {
			isa = XCConfigurationList;
			buildConfigurations = (
				DB69DDC51F6C9FA4002A8621 /* Debug */,
				DB69DDC61F6C9FA4002A8621 /* Release */,
			);
			defaultConfigurationIsVisible = 0;
			defaultConfigurationName = Release;
		};
		DB888E3F1F6B189C00E95ECB /* Build configuration list for PBXNativeTarget "betweenTwoSets" */ = {
			isa = XCConfigurationList;
			buildConfigurations = (
				DB888E401F6B189C00E95ECB /* Debug */,
				DB888E411F6B189C00E95ECB /* Release */,
			);
			defaultConfigurationIsVisible = 0;
			defaultConfigurationName = Release;
		};
		DB888E4C1F6B199200E95ECB /* Build configuration list for PBXNativeTarget "breakingTheRecords" */ = {
			isa = XCConfigurationList;
			buildConfigurations = (
				DB888E4D1F6B199200E95ECB /* Debug */,
				DB888E4E1F6B199200E95ECB /* Release */,
			);
			defaultConfigurationIsVisible = 0;
			defaultConfigurationName = Release;
		};
/* End XCConfigurationList section */
	};
	rootObject = DB55F63D1F69E36700971AF5 /* Project object */;
}
