// !$*UTF8*$!
{
	archiveVersion = 1;
	classes = {
	};
	objectVersion = 48;
	objects = {

/* Begin PBXBuildFile section */
		DB29283E1F6EEF5A00FD8630 /* electronicsShop.cpp in Sources */ = {isa = PBXBuildFile; fileRef = DB29283D1F6EEF5A00FD8630 /* electronicsShop.cpp */; };
		DB2B3A6C1F6DD35B00A21BAF /* countingValleys.cpp in Sources */ = {isa = PBXBuildFile; fileRef = DB2B3A6B1F6DD35B00A21BAF /* countingValleys.cpp */; };
		DB55F6491F69E36700971AF5 /* appleAndOrange.cpp in Sources */ = {isa = PBXBuildFile; fileRef = DB55F6481F69E36700971AF5 /* appleAndOrange.cpp */; };
		DB55F6591F69E93A00971AF5 /* gradingStudents.cpp in Sources */ = {isa = PBXBuildFile; fileRef = DB55F6581F69E93A00971AF5 /* gradingStudents.cpp */; };
		DB55F6641F69EC5800971AF5 /* kangaroo.cpp in Sources */ = {isa = PBXBuildFile; fileRef = DB55F6631F69EC5800971AF5 /* kangaroo.cpp */; };
		DB69DDB81F6C9EE7002A8621 /* divisibleSumPairs.cpp in Sources */ = {isa = PBXBuildFile; fileRef = DB69DDB31F6C9EDA002A8621 /* divisibleSumPairs.cpp */; };
		DB73CA941F71A65A00C96721 /* pickingNumbers.cpp in Sources */ = {isa = PBXBuildFile; fileRef = DB73CA931F71A65A00C96721 /* pickingNumbers.cpp */; };
		DB74FDE31F72E9AA00DADCDA /* climbingTheLeaderboard.cpp in Sources */ = {isa = PBXBuildFile; fileRef = DB74FDE21F72E9AA00DADCDA /* climbingTheLeaderboard.cpp */; };
		DB74FDEE1F72ED8A00DADCDA /* magicSquare.cpp in Sources */ = {isa = PBXBuildFile; fileRef = DB74FDED1F72ED8A00DADCDA /* magicSquare.cpp */; };
		DB888E431F6B18A700E95ECB /* betweenTwoSets.cpp in Sources */ = {isa = PBXBuildFile; fileRef = DB888E381F6B188F00E95ECB /* betweenTwoSets.cpp */; };
		DB888E501F6B1AFC00E95ECB /* breakingTheRecords.cpp in Sources */ = {isa = PBXBuildFile; fileRef = DB888E441F6B198500E95ECB /* breakingTheRecords.cpp */; };
		DB89661A1F70773500088710 /* catAndAMouse.cpp in Sources */ = {isa = PBXBuildFile; fileRef = DB8966191F70773500088710 /* catAndAMouse.cpp */; };
		DB939A461F7458D300B504AF /* theHurdleRace.cpp in Sources */ = {isa = PBXBuildFile; fileRef = DB939A451F7458D300B504AF /* theHurdleRace.cpp */; };
		DB939A481F74591E00B504AF /* pdfViewer.cpp in Sources */ = {isa = PBXBuildFile; fileRef = DB939A471F74591E00B504AF /* pdfViewer.cpp */; };
		DB939A4A1F74593F00B504AF /* utopianTree.cpp in Sources */ = {isa = PBXBuildFile; fileRef = DB939A491F74593F00B504AF /* utopianTree.cpp */; };
		DB939A821F7588F900B504AF /* angryProfessor.cpp in Sources */ = {isa = PBXBuildFile; fileRef = DB939A811F7588F900B504AF /* angryProfessor.cpp */; };
		DB939A841F75890A00B504AF /* beautifulDaysAtTheMovies.cpp in Sources */ = {isa = PBXBuildFile; fileRef = DB939A831F75890A00B504AF /* beautifulDaysAtTheMovies.cpp */; };
		DB939A861F75891900B504AF /* viralAdvertising.cpp in Sources */ = {isa = PBXBuildFile; fileRef = DB939A851F75891900B504AF /* viralAdvertising.cpp */; };
		DB939A881F75892800B504AF /* circularArrayRotation.cpp in Sources */ = {isa = PBXBuildFile; fileRef = DB939A871F75892800B504AF /* circularArrayRotation.cpp */; };
		DB939A8A1F75893800B504AF /* sequenceEquation.cpp in Sources */ = {isa = PBXBuildFile; fileRef = DB939A891F75893800B504AF /* sequenceEquation.cpp */; };
		DB94811E1F6D4E6E00788D56 /* migratoryBirds.cpp in Sources */ = {isa = PBXBuildFile; fileRef = DB94811D1F6D4E6E00788D56 /* migratoryBirds.cpp */; };
		DB94811F1F6D522000788D56 /* birthdayChocolate.cpp in Sources */ = {isa = PBXBuildFile; fileRef = DB69DDC81F6C9FEF002A8621 /* birthdayChocolate.cpp */; };
		DB94812A1F6D52D200788D56 /* dayOfTheProgrammer.cpp in Sources */ = {isa = PBXBuildFile; fileRef = DB9481291F6D52D200788D56 /* dayOfTheProgrammer.cpp */; };
		DB94812F1F6D7BAF00788D56 /* bonApetit.cpp in Sources */ = {isa = PBXBuildFile; fileRef = DB94812B1F6D7BA900788D56 /* bonApetit.cpp */; };
		DB9481411F6D7FA800788D56 /* sockMerchant.cpp in Sources */ = {isa = PBXBuildFile; fileRef = DB9481401F6D7FA800788D56 /* sockMerchant.cpp */; };
		DB94814C1F6D8E3200788D56 /* drawingBook.cpp in Sources */ = {isa = PBXBuildFile; fileRef = DB94814B1F6D8E3200788D56 /* drawingBook.cpp */; };
/* End PBXBuildFile section */

/* Begin PBXCopyFilesBuildPhase section */
		DB2928381F6EEF4300FD8630 /* CopyFiles */ = {
			isa = PBXCopyFilesBuildPhase;
			buildActionMask = 2147483647;
			dstPath = /usr/share/man/man1/;
			dstSubfolderSpec = 0;
			files = (
			);
			runOnlyForDeploymentPostprocessing = 1;
		};
		DB2B3A661F6DD33C00A21BAF /* CopyFiles */ = {
			isa = PBXCopyFilesBuildPhase;
			buildActionMask = 2147483647;
			dstPath = /usr/share/man/man1/;
			dstSubfolderSpec = 0;
			files = (
			);
			runOnlyForDeploymentPostprocessing = 1;
		};
		DB55F6431F69E36700971AF5 /* CopyFiles */ = {
			isa = PBXCopyFilesBuildPhase;
			buildActionMask = 2147483647;
			dstPath = /usr/share/man/man1/;
			dstSubfolderSpec = 0;
			files = (
			);
			runOnlyForDeploymentPostprocessing = 1;
		};
		DB55F6531F69E92600971AF5 /* CopyFiles */ = {
			isa = PBXCopyFilesBuildPhase;
			buildActionMask = 2147483647;
			dstPath = /usr/share/man/man1/;
			dstSubfolderSpec = 0;
			files = (
			);
			runOnlyForDeploymentPostprocessing = 1;
		};
		DB55F65E1F69EC4700971AF5 /* CopyFiles */ = {
			isa = PBXCopyFilesBuildPhase;
			buildActionMask = 2147483647;
			dstPath = /usr/share/man/man1/;
			dstSubfolderSpec = 0;
			files = (
			);
			runOnlyForDeploymentPostprocessing = 1;
		};
		DB69DDBA1F6C9EE7002A8621 /* CopyFiles */ = {
			isa = PBXCopyFilesBuildPhase;
			buildActionMask = 2147483647;
			dstPath = /usr/share/man/man1/;
			dstSubfolderSpec = 0;
			files = (
			);
			runOnlyForDeploymentPostprocessing = 1;
		};
		DB69DDC31F6C9FA4002A8621 /* CopyFiles */ = {
			isa = PBXCopyFilesBuildPhase;
			buildActionMask = 2147483647;
			dstPath = /usr/share/man/man1/;
			dstSubfolderSpec = 0;
			files = (
			);
			runOnlyForDeploymentPostprocessing = 1;
		};
		DB73CA8E1F71A63200C96721 /* CopyFiles */ = {
			isa = PBXCopyFilesBuildPhase;
			buildActionMask = 2147483647;
			dstPath = /usr/share/man/man1/;
			dstSubfolderSpec = 0;
			files = (
			);
			runOnlyForDeploymentPostprocessing = 1;
		};
		DB74FDDD1F72E98400DADCDA /* CopyFiles */ = {
			isa = PBXCopyFilesBuildPhase;
			buildActionMask = 2147483647;
			dstPath = /usr/share/man/man1/;
			dstSubfolderSpec = 0;
			files = (
			);
			runOnlyForDeploymentPostprocessing = 1;
		};
		DB74FDE81F72ED6C00DADCDA /* CopyFiles */ = {
			isa = PBXCopyFilesBuildPhase;
			buildActionMask = 2147483647;
			dstPath = /usr/share/man/man1/;
			dstSubfolderSpec = 0;
			files = (
			);
			runOnlyForDeploymentPostprocessing = 1;
		};
		DB888E3E1F6B189C00E95ECB /* CopyFiles */ = {
			isa = PBXCopyFilesBuildPhase;
			buildActionMask = 2147483647;
			dstPath = /usr/share/man/man1/;
			dstSubfolderSpec = 0;
			files = (
			);
			runOnlyForDeploymentPostprocessing = 1;
		};
		DB888E4B1F6B199200E95ECB /* CopyFiles */ = {
			isa = PBXCopyFilesBuildPhase;
			buildActionMask = 2147483647;
			dstPath = /usr/share/man/man1/;
			dstSubfolderSpec = 0;
			files = (
			);
			runOnlyForDeploymentPostprocessing = 1;
		};
		DB8966141F70770300088710 /* CopyFiles */ = {
			isa = PBXCopyFilesBuildPhase;
			buildActionMask = 2147483647;
			dstPath = /usr/share/man/man1/;
			dstSubfolderSpec = 0;
			files = (
			);
			runOnlyForDeploymentPostprocessing = 1;
		};
		DB939A2E1F74588B00B504AF /* CopyFiles */ = {
			isa = PBXCopyFilesBuildPhase;
			buildActionMask = 2147483647;
			dstPath = /usr/share/man/man1/;
			dstSubfolderSpec = 0;
			files = (
			);
			runOnlyForDeploymentPostprocessing = 1;
		};
		DB939A371F74588C00B504AF /* CopyFiles */ = {
			isa = PBXCopyFilesBuildPhase;
			buildActionMask = 2147483647;
			dstPath = /usr/share/man/man1/;
			dstSubfolderSpec = 0;
			files = (
			);
			runOnlyForDeploymentPostprocessing = 1;
		};
		DB939A401F74588F00B504AF /* CopyFiles */ = {
			isa = PBXCopyFilesBuildPhase;
			buildActionMask = 2147483647;
			dstPath = /usr/share/man/man1/;
			dstSubfolderSpec = 0;
			files = (
			);
			runOnlyForDeploymentPostprocessing = 1;
		};
		DB939A4F1F7588A500B504AF /* CopyFiles */ = {
			isa = PBXCopyFilesBuildPhase;
			buildActionMask = 2147483647;
			dstPath = /usr/share/man/man1/;
			dstSubfolderSpec = 0;
			files = (
			);
			runOnlyForDeploymentPostprocessing = 1;
		};
		DB939A581F7588A600B504AF /* CopyFiles */ = {
			isa = PBXCopyFilesBuildPhase;
			buildActionMask = 2147483647;
			dstPath = /usr/share/man/man1/;
			dstSubfolderSpec = 0;
			files = (
			);
			runOnlyForDeploymentPostprocessing = 1;
		};
		DB939A611F7588A600B504AF /* CopyFiles */ = {
			isa = PBXCopyFilesBuildPhase;
			buildActionMask = 2147483647;
			dstPath = /usr/share/man/man1/;
			dstSubfolderSpec = 0;
			files = (
			);
			runOnlyForDeploymentPostprocessing = 1;
		};
		DB939A6A1F7588A700B504AF /* CopyFiles */ = {
			isa = PBXCopyFilesBuildPhase;
			buildActionMask = 2147483647;
			dstPath = /usr/share/man/man1/;
			dstSubfolderSpec = 0;
			files = (
			);
			runOnlyForDeploymentPostprocessing = 1;
		};
		DB939A731F7588A700B504AF /* CopyFiles */ = {
			isa = PBXCopyFilesBuildPhase;
			buildActionMask = 2147483647;
			dstPath = /usr/share/man/man1/;
			dstSubfolderSpec = 0;
			files = (
			);
			runOnlyForDeploymentPostprocessing = 1;
		};
		DB9481181F6D4E5400788D56 /* CopyFiles */ = {
			isa = PBXCopyFilesBuildPhase;
			buildActionMask = 2147483647;
			dstPath = /usr/share/man/man1/;
			dstSubfolderSpec = 0;
			files = (
			);
			runOnlyForDeploymentPostprocessing = 1;
		};
		DB9481241F6D52AA00788D56 /* CopyFiles */ = {
			isa = PBXCopyFilesBuildPhase;
			buildActionMask = 2147483647;
			dstPath = /usr/share/man/man1/;
			dstSubfolderSpec = 0;
			files = (
			);
			runOnlyForDeploymentPostprocessing = 1;
		};
		DB9481321F6D7BAF00788D56 /* CopyFiles */ = {
			isa = PBXCopyFilesBuildPhase;
			buildActionMask = 2147483647;
			dstPath = /usr/share/man/man1/;
			dstSubfolderSpec = 0;
			files = (
			);
			runOnlyForDeploymentPostprocessing = 1;
		};
		DB94813B1F6D7F8000788D56 /* CopyFiles */ = {
			isa = PBXCopyFilesBuildPhase;
			buildActionMask = 2147483647;
			dstPath = /usr/share/man/man1/;
			dstSubfolderSpec = 0;
			files = (
			);
			runOnlyForDeploymentPostprocessing = 1;
		};
		DB9481461F6D8E1B00788D56 /* CopyFiles */ = {
			isa = PBXCopyFilesBuildPhase;
			buildActionMask = 2147483647;
			dstPath = /usr/share/man/man1/;
			dstSubfolderSpec = 0;
			files = (
			);
			runOnlyForDeploymentPostprocessing = 1;
		};
/* End PBXCopyFilesBuildPhase section */

/* Begin PBXFileReference section */
		DB29283C1F6EEF4300FD8630 /* electronicsShop */ = {isa = PBXFileReference; explicitFileType = "compiled.mach-o.executable"; includeInIndex = 0; path = electronicsShop; sourceTree = BUILT_PRODUCTS_DIR; };
		DB29283D1F6EEF5A00FD8630 /* electronicsShop.cpp */ = {isa = PBXFileReference; lastKnownFileType = sourcecode.cpp.cpp; path = electronicsShop.cpp; sourceTree = "<group>"; };
		DB2B3A6A1F6DD33C00A21BAF /* countingValleys */ = {isa = PBXFileReference; explicitFileType = "compiled.mach-o.executable"; includeInIndex = 0; path = countingValleys; sourceTree = BUILT_PRODUCTS_DIR; };
		DB2B3A6B1F6DD35B00A21BAF /* countingValleys.cpp */ = {isa = PBXFileReference; lastKnownFileType = sourcecode.cpp.cpp; path = countingValleys.cpp; sourceTree = "<group>"; };
		DB55F6451F69E36700971AF5 /* appleAndOrange */ = {isa = PBXFileReference; explicitFileType = "compiled.mach-o.executable"; includeInIndex = 0; path = appleAndOrange; sourceTree = BUILT_PRODUCTS_DIR; };
		DB55F6481F69E36700971AF5 /* appleAndOrange.cpp */ = {isa = PBXFileReference; lastKnownFileType = sourcecode.cpp.cpp; path = appleAndOrange.cpp; sourceTree = "<group>"; };
		DB55F6571F69E92600971AF5 /* gradingStudents */ = {isa = PBXFileReference; explicitFileType = "compiled.mach-o.executable"; includeInIndex = 0; path = gradingStudents; sourceTree = BUILT_PRODUCTS_DIR; };
		DB55F6581F69E93A00971AF5 /* gradingStudents.cpp */ = {isa = PBXFileReference; lastKnownFileType = sourcecode.cpp.cpp; path = gradingStudents.cpp; sourceTree = "<group>"; };
		DB55F6621F69EC4700971AF5 /* kangaroo */ = {isa = PBXFileReference; explicitFileType = "compiled.mach-o.executable"; includeInIndex = 0; path = kangaroo; sourceTree = BUILT_PRODUCTS_DIR; };
		DB55F6631F69EC5800971AF5 /* kangaroo.cpp */ = {isa = PBXFileReference; lastKnownFileType = sourcecode.cpp.cpp; path = kangaroo.cpp; sourceTree = "<group>"; };
		DB69DDB31F6C9EDA002A8621 /* divisibleSumPairs.cpp */ = {isa = PBXFileReference; lastKnownFileType = sourcecode.cpp.cpp; path = divisibleSumPairs.cpp; sourceTree = "<group>"; };
		DB69DDBE1F6C9EE7002A8621 /* divisibleSumPairs */ = {isa = PBXFileReference; explicitFileType = "compiled.mach-o.executable"; includeInIndex = 0; path = divisibleSumPairs; sourceTree = BUILT_PRODUCTS_DIR; };
		DB69DDC71F6C9FA4002A8621 /* birthdayChocolate */ = {isa = PBXFileReference; explicitFileType = "compiled.mach-o.executable"; includeInIndex = 0; path = birthdayChocolate; sourceTree = BUILT_PRODUCTS_DIR; };
		DB69DDC81F6C9FEF002A8621 /* birthdayChocolate.cpp */ = {isa = PBXFileReference; lastKnownFileType = sourcecode.cpp.cpp; path = birthdayChocolate.cpp; sourceTree = "<group>"; };
		DB73CA921F71A63200C96721 /* pickingNumbers */ = {isa = PBXFileReference; explicitFileType = "compiled.mach-o.executable"; includeInIndex = 0; path = pickingNumbers; sourceTree = BUILT_PRODUCTS_DIR; };
		DB73CA931F71A65A00C96721 /* pickingNumbers.cpp */ = {isa = PBXFileReference; lastKnownFileType = sourcecode.cpp.cpp; path = pickingNumbers.cpp; sourceTree = "<group>"; };
		DB74FDE11F72E98400DADCDA /* climbingTheLeaderboard */ = {isa = PBXFileReference; explicitFileType = "compiled.mach-o.executable"; includeInIndex = 0; path = climbingTheLeaderboard; sourceTree = BUILT_PRODUCTS_DIR; };
		DB74FDE21F72E9AA00DADCDA /* climbingTheLeaderboard.cpp */ = {isa = PBXFileReference; lastKnownFileType = sourcecode.cpp.cpp; path = climbingTheLeaderboard.cpp; sourceTree = "<group>"; };
		DB74FDEC1F72ED6C00DADCDA /* magicSquare */ = {isa = PBXFileReference; explicitFileType = "compiled.mach-o.executable"; includeInIndex = 0; path = magicSquare; sourceTree = BUILT_PRODUCTS_DIR; };
		DB74FDED1F72ED8A00DADCDA /* magicSquare.cpp */ = {isa = PBXFileReference; lastKnownFileType = sourcecode.cpp.cpp; path = magicSquare.cpp; sourceTree = "<group>"; };
		DB888E381F6B188F00E95ECB /* betweenTwoSets.cpp */ = {isa = PBXFileReference; lastKnownFileType = sourcecode.cpp.cpp; path = betweenTwoSets.cpp; sourceTree = "<group>"; };
		DB888E421F6B189C00E95ECB /* betweenTwoSets */ = {isa = PBXFileReference; explicitFileType = "compiled.mach-o.executable"; includeInIndex = 0; path = betweenTwoSets; sourceTree = BUILT_PRODUCTS_DIR; };
		DB888E441F6B198500E95ECB /* breakingTheRecords.cpp */ = {isa = PBXFileReference; lastKnownFileType = sourcecode.cpp.cpp; path = breakingTheRecords.cpp; sourceTree = "<group>"; };
		DB888E4F1F6B199200E95ECB /* breakingTheRecords */ = {isa = PBXFileReference; explicitFileType = "compiled.mach-o.executable"; includeInIndex = 0; path = breakingTheRecords; sourceTree = BUILT_PRODUCTS_DIR; };
		DB8966181F70770300088710 /* catAndAMouse */ = {isa = PBXFileReference; explicitFileType = "compiled.mach-o.executable"; includeInIndex = 0; path = catAndAMouse; sourceTree = BUILT_PRODUCTS_DIR; };
		DB8966191F70773500088710 /* catAndAMouse.cpp */ = {isa = PBXFileReference; lastKnownFileType = sourcecode.cpp.cpp; path = catAndAMouse.cpp; sourceTree = "<group>"; };
		DB939A321F74588B00B504AF /* theHurdleRace */ = {isa = PBXFileReference; explicitFileType = "compiled.mach-o.executable"; includeInIndex = 0; path = theHurdleRace; sourceTree = BUILT_PRODUCTS_DIR; };
		DB939A3B1F74588C00B504AF /* pdfViewer */ = {isa = PBXFileReference; explicitFileType = "compiled.mach-o.executable"; includeInIndex = 0; path = pdfViewer; sourceTree = BUILT_PRODUCTS_DIR; };
		DB939A441F74588F00B504AF /* utopianTree */ = {isa = PBXFileReference; explicitFileType = "compiled.mach-o.executable"; includeInIndex = 0; path = utopianTree; sourceTree = BUILT_PRODUCTS_DIR; };
		DB939A451F7458D300B504AF /* theHurdleRace.cpp */ = {isa = PBXFileReference; lastKnownFileType = sourcecode.cpp.cpp; path = theHurdleRace.cpp; sourceTree = "<group>"; };
		DB939A471F74591E00B504AF /* pdfViewer.cpp */ = {isa = PBXFileReference; lastKnownFileType = sourcecode.cpp.cpp; path = pdfViewer.cpp; sourceTree = "<group>"; };
		DB939A491F74593F00B504AF /* utopianTree.cpp */ = {isa = PBXFileReference; lastKnownFileType = sourcecode.cpp.cpp; path = utopianTree.cpp; sourceTree = "<group>"; };
		DB939A531F7588A500B504AF /* angryProfessor */ = {isa = PBXFileReference; explicitFileType = "compiled.mach-o.executable"; includeInIndex = 0; path = angryProfessor; sourceTree = BUILT_PRODUCTS_DIR; };
		DB939A5C1F7588A600B504AF /* beautifulDaysAtTheMovies */ = {isa = PBXFileReference; explicitFileType = "compiled.mach-o.executable"; includeInIndex = 0; path = beautifulDaysAtTheMovies; sourceTree = BUILT_PRODUCTS_DIR; };
		DB939A651F7588A600B504AF /* viralAdvertising */ = {isa = PBXFileReference; explicitFileType = "compiled.mach-o.executable"; includeInIndex = 0; path = viralAdvertising; sourceTree = BUILT_PRODUCTS_DIR; };
		DB939A6E1F7588A700B504AF /* circularArrayRotation */ = {isa = PBXFileReference; explicitFileType = "compiled.mach-o.executable"; includeInIndex = 0; path = circularArrayRotation; sourceTree = BUILT_PRODUCTS_DIR; };
		DB939A771F7588A700B504AF /* sequenceEquation */ = {isa = PBXFileReference; explicitFileType = "compiled.mach-o.executable"; includeInIndex = 0; path = sequenceEquation; sourceTree = BUILT_PRODUCTS_DIR; };
		DB939A811F7588F900B504AF /* angryProfessor.cpp */ = {isa = PBXFileReference; lastKnownFileType = sourcecode.cpp.cpp; path = angryProfessor.cpp; sourceTree = "<group>"; };
		DB939A831F75890A00B504AF /* beautifulDaysAtTheMovies.cpp */ = {isa = PBXFileReference; lastKnownFileType = sourcecode.cpp.cpp; path = beautifulDaysAtTheMovies.cpp; sourceTree = "<group>"; };
		DB939A851F75891900B504AF /* viralAdvertising.cpp */ = {isa = PBXFileReference; lastKnownFileType = sourcecode.cpp.cpp; path = viralAdvertising.cpp; sourceTree = "<group>"; };
		DB939A871F75892800B504AF /* circularArrayRotation.cpp */ = {isa = PBXFileReference; lastKnownFileType = sourcecode.cpp.cpp; path = circularArrayRotation.cpp; sourceTree = "<group>"; };
		DB939A891F75893800B504AF /* sequenceEquation.cpp */ = {isa = PBXFileReference; lastKnownFileType = sourcecode.cpp.cpp; path = sequenceEquation.cpp; sourceTree = "<group>"; };
		DB94811C1F6D4E5400788D56 /* migratoryBirds */ = {isa = PBXFileReference; explicitFileType = "compiled.mach-o.executable"; includeInIndex = 0; path = migratoryBirds; sourceTree = BUILT_PRODUCTS_DIR; };
		DB94811D1F6D4E6E00788D56 /* migratoryBirds.cpp */ = {isa = PBXFileReference; lastKnownFileType = sourcecode.cpp.cpp; path = migratoryBirds.cpp; sourceTree = "<group>"; };
		DB9481281F6D52AA00788D56 /* dayOfTheProgrammer */ = {isa = PBXFileReference; explicitFileType = "compiled.mach-o.executable"; includeInIndex = 0; path = dayOfTheProgrammer; sourceTree = BUILT_PRODUCTS_DIR; };
		DB9481291F6D52D200788D56 /* dayOfTheProgrammer.cpp */ = {isa = PBXFileReference; lastKnownFileType = sourcecode.cpp.cpp; path = dayOfTheProgrammer.cpp; sourceTree = "<group>"; };
		DB94812B1F6D7BA900788D56 /* bonApetit.cpp */ = {isa = PBXFileReference; lastKnownFileType = sourcecode.cpp.cpp; path = bonApetit.cpp; sourceTree = "<group>"; };
		DB9481361F6D7BAF00788D56 /* bonApetit */ = {isa = PBXFileReference; explicitFileType = "compiled.mach-o.executable"; includeInIndex = 0; path = bonApetit; sourceTree = BUILT_PRODUCTS_DIR; };
		DB94813F1F6D7F8000788D56 /* sockMerchant */ = {isa = PBXFileReference; explicitFileType = "compiled.mach-o.executable"; includeInIndex = 0; path = sockMerchant; sourceTree = BUILT_PRODUCTS_DIR; };
		DB9481401F6D7FA800788D56 /* sockMerchant.cpp */ = {isa = PBXFileReference; lastKnownFileType = sourcecode.cpp.cpp; path = sockMerchant.cpp; sourceTree = "<group>"; };
		DB94814A1F6D8E1B00788D56 /* drawingBook */ = {isa = PBXFileReference; explicitFileType = "compiled.mach-o.executable"; includeInIndex = 0; path = drawingBook; sourceTree = BUILT_PRODUCTS_DIR; };
		DB94814B1F6D8E3200788D56 /* drawingBook.cpp */ = {isa = PBXFileReference; lastKnownFileType = sourcecode.cpp.cpp; path = drawingBook.cpp; sourceTree = "<group>"; };
/* End PBXFileReference section */

/* Begin PBXFrameworksBuildPhase section */
		DB2928371F6EEF4300FD8630 /* Frameworks */ = {
			isa = PBXFrameworksBuildPhase;
			buildActionMask = 2147483647;
			files = (
			);
			runOnlyForDeploymentPostprocessing = 0;
		};
		DB2B3A651F6DD33C00A21BAF /* Frameworks */ = {
			isa = PBXFrameworksBuildPhase;
			buildActionMask = 2147483647;
			files = (
			);
			runOnlyForDeploymentPostprocessing = 0;
		};
		DB55F6421F69E36700971AF5 /* Frameworks */ = {
			isa = PBXFrameworksBuildPhase;
			buildActionMask = 2147483647;
			files = (
			);
			runOnlyForDeploymentPostprocessing = 0;
		};
		DB55F6521F69E92600971AF5 /* Frameworks */ = {
			isa = PBXFrameworksBuildPhase;
			buildActionMask = 2147483647;
			files = (
			);
			runOnlyForDeploymentPostprocessing = 0;
		};
		DB55F65D1F69EC4700971AF5 /* Frameworks */ = {
			isa = PBXFrameworksBuildPhase;
			buildActionMask = 2147483647;
			files = (
			);
			runOnlyForDeploymentPostprocessing = 0;
		};
		DB69DDB91F6C9EE7002A8621 /* Frameworks */ = {
			isa = PBXFrameworksBuildPhase;
			buildActionMask = 2147483647;
			files = (
			);
			runOnlyForDeploymentPostprocessing = 0;
		};
		DB69DDC21F6C9FA4002A8621 /* Frameworks */ = {
			isa = PBXFrameworksBuildPhase;
			buildActionMask = 2147483647;
			files = (
			);
			runOnlyForDeploymentPostprocessing = 0;
		};
		DB73CA8D1F71A63200C96721 /* Frameworks */ = {
			isa = PBXFrameworksBuildPhase;
			buildActionMask = 2147483647;
			files = (
			);
			runOnlyForDeploymentPostprocessing = 0;
		};
		DB74FDDC1F72E98400DADCDA /* Frameworks */ = {
			isa = PBXFrameworksBuildPhase;
			buildActionMask = 2147483647;
			files = (
			);
			runOnlyForDeploymentPostprocessing = 0;
		};
		DB74FDE71F72ED6C00DADCDA /* Frameworks */ = {
			isa = PBXFrameworksBuildPhase;
			buildActionMask = 2147483647;
			files = (
			);
			runOnlyForDeploymentPostprocessing = 0;
		};
		DB888E3D1F6B189C00E95ECB /* Frameworks */ = {
			isa = PBXFrameworksBuildPhase;
			buildActionMask = 2147483647;
			files = (
			);
			runOnlyForDeploymentPostprocessing = 0;
		};
		DB888E4A1F6B199200E95ECB /* Frameworks */ = {
			isa = PBXFrameworksBuildPhase;
			buildActionMask = 2147483647;
			files = (
			);
			runOnlyForDeploymentPostprocessing = 0;
		};
		DB8966131F70770300088710 /* Frameworks */ = {
			isa = PBXFrameworksBuildPhase;
			buildActionMask = 2147483647;
			files = (
			);
			runOnlyForDeploymentPostprocessing = 0;
		};
		DB939A2D1F74588B00B504AF /* Frameworks */ = {
			isa = PBXFrameworksBuildPhase;
			buildActionMask = 2147483647;
			files = (
			);
			runOnlyForDeploymentPostprocessing = 0;
		};
		DB939A361F74588C00B504AF /* Frameworks */ = {
			isa = PBXFrameworksBuildPhase;
			buildActionMask = 2147483647;
			files = (
			);
			runOnlyForDeploymentPostprocessing = 0;
		};
		DB939A3F1F74588F00B504AF /* Frameworks */ = {
			isa = PBXFrameworksBuildPhase;
			buildActionMask = 2147483647;
			files = (
			);
			runOnlyForDeploymentPostprocessing = 0;
		};
		DB939A4E1F7588A500B504AF /* Frameworks */ = {
			isa = PBXFrameworksBuildPhase;
			buildActionMask = 2147483647;
			files = (
			);
			runOnlyForDeploymentPostprocessing = 0;
		};
		DB939A571F7588A600B504AF /* Frameworks */ = {
			isa = PBXFrameworksBuildPhase;
			buildActionMask = 2147483647;
			files = (
			);
			runOnlyForDeploymentPostprocessing = 0;
		};
		DB939A601F7588A600B504AF /* Frameworks */ = {
			isa = PBXFrameworksBuildPhase;
			buildActionMask = 2147483647;
			files = (
			);
			runOnlyForDeploymentPostprocessing = 0;
		};
		DB939A691F7588A700B504AF /* Frameworks */ = {
			isa = PBXFrameworksBuildPhase;
			buildActionMask = 2147483647;
			files = (
			);
			runOnlyForDeploymentPostprocessing = 0;
		};
		DB939A721F7588A700B504AF /* Frameworks */ = {
			isa = PBXFrameworksBuildPhase;
			buildActionMask = 2147483647;
			files = (
			);
			runOnlyForDeploymentPostprocessing = 0;
		};
		DB9481171F6D4E5400788D56 /* Frameworks */ = {
			isa = PBXFrameworksBuildPhase;
			buildActionMask = 2147483647;
			files = (
			);
			runOnlyForDeploymentPostprocessing = 0;
		};
		DB9481231F6D52AA00788D56 /* Frameworks */ = {
			isa = PBXFrameworksBuildPhase;
			buildActionMask = 2147483647;
			files = (
			);
			runOnlyForDeploymentPostprocessing = 0;
		};
		DB9481311F6D7BAF00788D56 /* Frameworks */ = {
			isa = PBXFrameworksBuildPhase;
			buildActionMask = 2147483647;
			files = (
			);
			runOnlyForDeploymentPostprocessing = 0;
		};
		DB94813A1F6D7F8000788D56 /* Frameworks */ = {
			isa = PBXFrameworksBuildPhase;
			buildActionMask = 2147483647;
			files = (
			);
			runOnlyForDeploymentPostprocessing = 0;
		};
		DB9481451F6D8E1B00788D56 /* Frameworks */ = {
			isa = PBXFrameworksBuildPhase;
			buildActionMask = 2147483647;
			files = (
			);
			runOnlyForDeploymentPostprocessing = 0;
		};
/* End PBXFrameworksBuildPhase section */

/* Begin PBXGroup section */
		DB55F63C1F69E36700971AF5 = {
			isa = PBXGroup;
			children = (
				DB55F6471F69E36700971AF5 /* Implementation */,
				DB55F6461F69E36700971AF5 /* Products */,
			);
			sourceTree = "<group>";
		};
		DB55F6461F69E36700971AF5 /* Products */ = {
			isa = PBXGroup;
			children = (
				DB55F6451F69E36700971AF5 /* appleAndOrange */,
				DB55F6571F69E92600971AF5 /* gradingStudents */,
				DB55F6621F69EC4700971AF5 /* kangaroo */,
				DB888E421F6B189C00E95ECB /* betweenTwoSets */,
				DB888E4F1F6B199200E95ECB /* breakingTheRecords */,
				DB69DDBE1F6C9EE7002A8621 /* divisibleSumPairs */,
				DB69DDC71F6C9FA4002A8621 /* birthdayChocolate */,
				DB94811C1F6D4E5400788D56 /* migratoryBirds */,
				DB9481281F6D52AA00788D56 /* dayOfTheProgrammer */,
				DB9481361F6D7BAF00788D56 /* bonApetit */,
				DB94813F1F6D7F8000788D56 /* sockMerchant */,
				DB94814A1F6D8E1B00788D56 /* drawingBook */,
				DB2B3A6A1F6DD33C00A21BAF /* countingValleys */,
				DB29283C1F6EEF4300FD8630 /* electronicsShop */,
				DB8966181F70770300088710 /* catAndAMouse */,
				DB73CA921F71A63200C96721 /* pickingNumbers */,
				DB74FDE11F72E98400DADCDA /* climbingTheLeaderboard */,
				DB74FDEC1F72ED6C00DADCDA /* magicSquare */,
				DB939A321F74588B00B504AF /* theHurdleRace */,
				DB939A3B1F74588C00B504AF /* pdfViewer */,
				DB939A441F74588F00B504AF /* utopianTree */,
				DB939A531F7588A500B504AF /* angryProfessor */,
				DB939A5C1F7588A600B504AF /* beautifulDaysAtTheMovies */,
				DB939A651F7588A600B504AF /* viralAdvertising */,
				DB939A6E1F7588A700B504AF /* circularArrayRotation */,
				DB939A771F7588A700B504AF /* sequenceEquation */,
			);
			name = Products;
			sourceTree = "<group>";
		};
		DB55F6471F69E36700971AF5 /* Implementation */ = {
			isa = PBXGroup;
			children = (
				DB55F6481F69E36700971AF5 /* appleAndOrange.cpp */,
				DB55F6581F69E93A00971AF5 /* gradingStudents.cpp */,
				DB55F6631F69EC5800971AF5 /* kangaroo.cpp */,
				DB888E381F6B188F00E95ECB /* betweenTwoSets.cpp */,
				DB888E441F6B198500E95ECB /* breakingTheRecords.cpp */,
				DB69DDB31F6C9EDA002A8621 /* divisibleSumPairs.cpp */,
				DB69DDC81F6C9FEF002A8621 /* birthdayChocolate.cpp */,
				DB94811D1F6D4E6E00788D56 /* migratoryBirds.cpp */,
				DB9481291F6D52D200788D56 /* dayOfTheProgrammer.cpp */,
				DB94812B1F6D7BA900788D56 /* bonApetit.cpp */,
				DB9481401F6D7FA800788D56 /* sockMerchant.cpp */,
				DB94814B1F6D8E3200788D56 /* drawingBook.cpp */,
				DB2B3A6B1F6DD35B00A21BAF /* countingValleys.cpp */,
				DB29283D1F6EEF5A00FD8630 /* electronicsShop.cpp */,
				DB8966191F70773500088710 /* catAndAMouse.cpp */,
				DB73CA931F71A65A00C96721 /* pickingNumbers.cpp */,
				DB74FDE21F72E9AA00DADCDA /* climbingTheLeaderboard.cpp */,
				DB74FDED1F72ED8A00DADCDA /* magicSquare.cpp */,
				DB939A451F7458D300B504AF /* theHurdleRace.cpp */,
				DB939A471F74591E00B504AF /* pdfViewer.cpp */,
				DB939A491F74593F00B504AF /* utopianTree.cpp */,
				DB939A811F7588F900B504AF /* angryProfessor.cpp */,
				DB939A831F75890A00B504AF /* beautifulDaysAtTheMovies.cpp */,
				DB939A851F75891900B504AF /* viralAdvertising.cpp */,
				DB939A871F75892800B504AF /* circularArrayRotation.cpp */,
				DB939A891F75893800B504AF /* sequenceEquation.cpp */,
			);
			path = Implementation;
			sourceTree = "<group>";
		};
/* End PBXGroup section */

/* Begin PBXNativeTarget section */
		DB2928341F6EEF4300FD8630 /* electronicsShop */ = {
			isa = PBXNativeTarget;
			buildConfigurationList = DB2928391F6EEF4300FD8630 /* Build configuration list for PBXNativeTarget "electronicsShop" */;
			buildPhases = (
				DB2928351F6EEF4300FD8630 /* Sources */,
				DB2928371F6EEF4300FD8630 /* Frameworks */,
				DB2928381F6EEF4300FD8630 /* CopyFiles */,
			);
			buildRules = (
			);
			dependencies = (
			);
			name = electronicsShop;
			productName = Implementation;
			productReference = DB29283C1F6EEF4300FD8630 /* electronicsShop */;
			productType = "com.apple.product-type.tool";
		};
		DB2B3A621F6DD33C00A21BAF /* countingValleys */ = {
			isa = PBXNativeTarget;
			buildConfigurationList = DB2B3A671F6DD33C00A21BAF /* Build configuration list for PBXNativeTarget "countingValleys" */;
			buildPhases = (
				DB2B3A631F6DD33C00A21BAF /* Sources */,
				DB2B3A651F6DD33C00A21BAF /* Frameworks */,
				DB2B3A661F6DD33C00A21BAF /* CopyFiles */,
			);
			buildRules = (
			);
			dependencies = (
			);
			name = countingValleys;
			productName = Implementation;
			productReference = DB2B3A6A1F6DD33C00A21BAF /* countingValleys */;
			productType = "com.apple.product-type.tool";
		};
		DB55F6441F69E36700971AF5 /* appleAndOrange */ = {
			isa = PBXNativeTarget;
			buildConfigurationList = DB55F64C1F69E36700971AF5 /* Build configuration list for PBXNativeTarget "appleAndOrange" */;
			buildPhases = (
				DB55F6411F69E36700971AF5 /* Sources */,
				DB55F6421F69E36700971AF5 /* Frameworks */,
				DB55F6431F69E36700971AF5 /* CopyFiles */,
			);
			buildRules = (
			);
			dependencies = (
			);
			name = appleAndOrange;
			productName = Implementation;
			productReference = DB55F6451F69E36700971AF5 /* appleAndOrange */;
			productType = "com.apple.product-type.tool";
		};
		DB55F64F1F69E92600971AF5 /* gradingStudents */ = {
			isa = PBXNativeTarget;
			buildConfigurationList = DB55F6541F69E92600971AF5 /* Build configuration list for PBXNativeTarget "gradingStudents" */;
			buildPhases = (
				DB55F6501F69E92600971AF5 /* Sources */,
				DB55F6521F69E92600971AF5 /* Frameworks */,
				DB55F6531F69E92600971AF5 /* CopyFiles */,
			);
			buildRules = (
			);
			dependencies = (
			);
			name = gradingStudents;
			productName = Implementation;
			productReference = DB55F6571F69E92600971AF5 /* gradingStudents */;
			productType = "com.apple.product-type.tool";
		};
		DB55F65A1F69EC4700971AF5 /* kangaroo */ = {
			isa = PBXNativeTarget;
			buildConfigurationList = DB55F65F1F69EC4700971AF5 /* Build configuration list for PBXNativeTarget "kangaroo" */;
			buildPhases = (
				DB55F65B1F69EC4700971AF5 /* Sources */,
				DB55F65D1F69EC4700971AF5 /* Frameworks */,
				DB55F65E1F69EC4700971AF5 /* CopyFiles */,
			);
			buildRules = (
			);
			dependencies = (
			);
			name = kangaroo;
			productName = Implementation;
			productReference = DB55F6621F69EC4700971AF5 /* kangaroo */;
			productType = "com.apple.product-type.tool";
		};
		DB69DDB51F6C9EE7002A8621 /* divisibleSumPairs */ = {
			isa = PBXNativeTarget;
			buildConfigurationList = DB69DDBB1F6C9EE7002A8621 /* Build configuration list for PBXNativeTarget "divisibleSumPairs" */;
			buildPhases = (
				DB69DDB61F6C9EE7002A8621 /* Sources */,
				DB69DDB91F6C9EE7002A8621 /* Frameworks */,
				DB69DDBA1F6C9EE7002A8621 /* CopyFiles */,
			);
			buildRules = (
			);
			dependencies = (
			);
			name = divisibleSumPairs;
			productName = Implementation;
			productReference = DB69DDBE1F6C9EE7002A8621 /* divisibleSumPairs */;
			productType = "com.apple.product-type.tool";
		};
		DB69DDBF1F6C9FA4002A8621 /* birthdayChocolate */ = {
			isa = PBXNativeTarget;
			buildConfigurationList = DB69DDC41F6C9FA4002A8621 /* Build configuration list for PBXNativeTarget "birthdayChocolate" */;
			buildPhases = (
				DB69DDC01F6C9FA4002A8621 /* Sources */,
				DB69DDC21F6C9FA4002A8621 /* Frameworks */,
				DB69DDC31F6C9FA4002A8621 /* CopyFiles */,
			);
			buildRules = (
			);
			dependencies = (
			);
			name = birthdayChocolate;
			productName = Implementation;
			productReference = DB69DDC71F6C9FA4002A8621 /* birthdayChocolate */;
			productType = "com.apple.product-type.tool";
		};
		DB73CA8A1F71A63200C96721 /* pickingNumbers */ = {
			isa = PBXNativeTarget;
			buildConfigurationList = DB73CA8F1F71A63200C96721 /* Build configuration list for PBXNativeTarget "pickingNumbers" */;
			buildPhases = (
				DB73CA8B1F71A63200C96721 /* Sources */,
				DB73CA8D1F71A63200C96721 /* Frameworks */,
				DB73CA8E1F71A63200C96721 /* CopyFiles */,
			);
			buildRules = (
			);
			dependencies = (
			);
			name = pickingNumbers;
			productName = Implementation;
			productReference = DB73CA921F71A63200C96721 /* pickingNumbers */;
			productType = "com.apple.product-type.tool";
		};
		DB74FDD91F72E98400DADCDA /* climbingTheLeaderboard */ = {
			isa = PBXNativeTarget;
			buildConfigurationList = DB74FDDE1F72E98400DADCDA /* Build configuration list for PBXNativeTarget "climbingTheLeaderboard" */;
			buildPhases = (
				DB74FDDA1F72E98400DADCDA /* Sources */,
				DB74FDDC1F72E98400DADCDA /* Frameworks */,
				DB74FDDD1F72E98400DADCDA /* CopyFiles */,
			);
			buildRules = (
			);
			dependencies = (
			);
			name = climbingTheLeaderboard;
			productName = Implementation;
			productReference = DB74FDE11F72E98400DADCDA /* climbingTheLeaderboard */;
			productType = "com.apple.product-type.tool";
		};
		DB74FDE41F72ED6C00DADCDA /* magicSquare */ = {
			isa = PBXNativeTarget;
			buildConfigurationList = DB74FDE91F72ED6C00DADCDA /* Build configuration list for PBXNativeTarget "magicSquare" */;
			buildPhases = (
				DB74FDE51F72ED6C00DADCDA /* Sources */,
				DB74FDE71F72ED6C00DADCDA /* Frameworks */,
				DB74FDE81F72ED6C00DADCDA /* CopyFiles */,
			);
			buildRules = (
			);
			dependencies = (
			);
			name = magicSquare;
			productName = Implementation;
			productReference = DB74FDEC1F72ED6C00DADCDA /* magicSquare */;
			productType = "com.apple.product-type.tool";
		};
		DB888E3A1F6B189C00E95ECB /* betweenTwoSets */ = {
			isa = PBXNativeTarget;
			buildConfigurationList = DB888E3F1F6B189C00E95ECB /* Build configuration list for PBXNativeTarget "betweenTwoSets" */;
			buildPhases = (
				DB888E3B1F6B189C00E95ECB /* Sources */,
				DB888E3D1F6B189C00E95ECB /* Frameworks */,
				DB888E3E1F6B189C00E95ECB /* CopyFiles */,
			);
			buildRules = (
			);
			dependencies = (
			);
			name = betweenTwoSets;
			productName = Implementation;
			productReference = DB888E421F6B189C00E95ECB /* betweenTwoSets */;
			productType = "com.apple.product-type.tool";
		};
		DB888E461F6B199200E95ECB /* breakingTheRecords */ = {
			isa = PBXNativeTarget;
			buildConfigurationList = DB888E4C1F6B199200E95ECB /* Build configuration list for PBXNativeTarget "breakingTheRecords" */;
			buildPhases = (
				DB888E471F6B199200E95ECB /* Sources */,
				DB888E4A1F6B199200E95ECB /* Frameworks */,
				DB888E4B1F6B199200E95ECB /* CopyFiles */,
			);
			buildRules = (
			);
			dependencies = (
			);
			name = breakingTheRecords;
			productName = Implementation;
			productReference = DB888E4F1F6B199200E95ECB /* breakingTheRecords */;
			productType = "com.apple.product-type.tool";
		};
		DB8966101F70770300088710 /* catAndAMouse */ = {
			isa = PBXNativeTarget;
			buildConfigurationList = DB8966151F70770300088710 /* Build configuration list for PBXNativeTarget "catAndAMouse" */;
			buildPhases = (
				DB8966111F70770300088710 /* Sources */,
				DB8966131F70770300088710 /* Frameworks */,
				DB8966141F70770300088710 /* CopyFiles */,
			);
			buildRules = (
			);
			dependencies = (
			);
			name = catAndAMouse;
			productName = Implementation;
			productReference = DB8966181F70770300088710 /* catAndAMouse */;
			productType = "com.apple.product-type.tool";
		};
		DB939A2A1F74588B00B504AF /* theHurdleRace */ = {
			isa = PBXNativeTarget;
			buildConfigurationList = DB939A2F1F74588B00B504AF /* Build configuration list for PBXNativeTarget "theHurdleRace" */;
			buildPhases = (
				DB939A2B1F74588B00B504AF /* Sources */,
				DB939A2D1F74588B00B504AF /* Frameworks */,
				DB939A2E1F74588B00B504AF /* CopyFiles */,
			);
			buildRules = (
			);
			dependencies = (
			);
			name = theHurdleRace;
			productName = Implementation;
			productReference = DB939A321F74588B00B504AF /* theHurdleRace */;
			productType = "com.apple.product-type.tool";
		};
		DB939A331F74588C00B504AF /* pdfViewer */ = {
			isa = PBXNativeTarget;
			buildConfigurationList = DB939A381F74588C00B504AF /* Build configuration list for PBXNativeTarget "pdfViewer" */;
			buildPhases = (
				DB939A341F74588C00B504AF /* Sources */,
				DB939A361F74588C00B504AF /* Frameworks */,
				DB939A371F74588C00B504AF /* CopyFiles */,
			);
			buildRules = (
			);
			dependencies = (
			);
			name = pdfViewer;
			productName = Implementation;
			productReference = DB939A3B1F74588C00B504AF /* pdfViewer */;
			productType = "com.apple.product-type.tool";
		};
		DB939A3C1F74588F00B504AF /* utopianTree */ = {
			isa = PBXNativeTarget;
			buildConfigurationList = DB939A411F74588F00B504AF /* Build configuration list for PBXNativeTarget "utopianTree" */;
			buildPhases = (
				DB939A3D1F74588F00B504AF /* Sources */,
				DB939A3F1F74588F00B504AF /* Frameworks */,
				DB939A401F74588F00B504AF /* CopyFiles */,
			);
			buildRules = (
			);
			dependencies = (
			);
			name = utopianTree;
			productName = Implementation;
			productReference = DB939A441F74588F00B504AF /* utopianTree */;
			productType = "com.apple.product-type.tool";
		};
		DB939A4B1F7588A500B504AF /* angryProfessor */ = {
			isa = PBXNativeTarget;
			buildConfigurationList = DB939A501F7588A500B504AF /* Build configuration list for PBXNativeTarget "angryProfessor" */;
			buildPhases = (
				DB939A4C1F7588A500B504AF /* Sources */,
				DB939A4E1F7588A500B504AF /* Frameworks */,
				DB939A4F1F7588A500B504AF /* CopyFiles */,
			);
			buildRules = (
			);
			dependencies = (
			);
			name = angryProfessor;
			productName = Implementation;
			productReference = DB939A531F7588A500B504AF /* angryProfessor */;
			productType = "com.apple.product-type.tool";
		};
		DB939A541F7588A600B504AF /* beautifulDaysAtTheMovies */ = {
			isa = PBXNativeTarget;
			buildConfigurationList = DB939A591F7588A600B504AF /* Build configuration list for PBXNativeTarget "beautifulDaysAtTheMovies" */;
			buildPhases = (
				DB939A551F7588A600B504AF /* Sources */,
				DB939A571F7588A600B504AF /* Frameworks */,
				DB939A581F7588A600B504AF /* CopyFiles */,
			);
			buildRules = (
			);
			dependencies = (
			);
			name = beautifulDaysAtTheMovies;
			productName = Implementation;
			productReference = DB939A5C1F7588A600B504AF /* beautifulDaysAtTheMovies */;
			productType = "com.apple.product-type.tool";
		};
		DB939A5D1F7588A600B504AF /* viralAdvertising */ = {
			isa = PBXNativeTarget;
			buildConfigurationList = DB939A621F7588A600B504AF /* Build configuration list for PBXNativeTarget "viralAdvertising" */;
			buildPhases = (
				DB939A5E1F7588A600B504AF /* Sources */,
				DB939A601F7588A600B504AF /* Frameworks */,
				DB939A611F7588A600B504AF /* CopyFiles */,
			);
			buildRules = (
			);
			dependencies = (
			);
			name = viralAdvertising;
			productName = Implementation;
			productReference = DB939A651F7588A600B504AF /* viralAdvertising */;
			productType = "com.apple.product-type.tool";
		};
		DB939A661F7588A700B504AF /* circularArrayRotation */ = {
			isa = PBXNativeTarget;
			buildConfigurationList = DB939A6B1F7588A700B504AF /* Build configuration list for PBXNativeTarget "circularArrayRotation" */;
			buildPhases = (
				DB939A671F7588A700B504AF /* Sources */,
				DB939A691F7588A700B504AF /* Frameworks */,
				DB939A6A1F7588A700B504AF /* CopyFiles */,
			);
			buildRules = (
			);
			dependencies = (
			);
			name = circularArrayRotation;
			productName = Implementation;
			productReference = DB939A6E1F7588A700B504AF /* circularArrayRotation */;
			productType = "com.apple.product-type.tool";
		};
		DB939A6F1F7588A700B504AF /* sequenceEquation */ = {
			isa = PBXNativeTarget;
			buildConfigurationList = DB939A741F7588A700B504AF /* Build configuration list for PBXNativeTarget "sequenceEquation" */;
			buildPhases = (
				DB939A701F7588A700B504AF /* Sources */,
				DB939A721F7588A700B504AF /* Frameworks */,
				DB939A731F7588A700B504AF /* CopyFiles */,
			);
			buildRules = (
			);
			dependencies = (
			);
			name = sequenceEquation;
			productName = Implementation;
			productReference = DB939A771F7588A700B504AF /* sequenceEquation */;
			productType = "com.apple.product-type.tool";
		};
		DB9481141F6D4E5400788D56 /* migratoryBirds */ = {
			isa = PBXNativeTarget;
			buildConfigurationList = DB9481191F6D4E5400788D56 /* Build configuration list for PBXNativeTarget "migratoryBirds" */;
			buildPhases = (
				DB9481151F6D4E5400788D56 /* Sources */,
				DB9481171F6D4E5400788D56 /* Frameworks */,
				DB9481181F6D4E5400788D56 /* CopyFiles */,
			);
			buildRules = (
			);
			dependencies = (
			);
			name = migratoryBirds;
			productName = Implementation;
			productReference = DB94811C1F6D4E5400788D56 /* migratoryBirds */;
			productType = "com.apple.product-type.tool";
		};
		DB9481201F6D52AA00788D56 /* dayOfTheProgrammer */ = {
			isa = PBXNativeTarget;
			buildConfigurationList = DB9481251F6D52AA00788D56 /* Build configuration list for PBXNativeTarget "dayOfTheProgrammer" */;
			buildPhases = (
				DB9481211F6D52AA00788D56 /* Sources */,
				DB9481231F6D52AA00788D56 /* Frameworks */,
				DB9481241F6D52AA00788D56 /* CopyFiles */,
			);
			buildRules = (
			);
			dependencies = (
			);
			name = dayOfTheProgrammer;
			productName = Implementation;
			productReference = DB9481281F6D52AA00788D56 /* dayOfTheProgrammer */;
			productType = "com.apple.product-type.tool";
		};
		DB94812D1F6D7BAF00788D56 /* bonApetit */ = {
			isa = PBXNativeTarget;
			buildConfigurationList = DB9481331F6D7BAF00788D56 /* Build configuration list for PBXNativeTarget "bonApetit" */;
			buildPhases = (
				DB94812E1F6D7BAF00788D56 /* Sources */,
				DB9481311F6D7BAF00788D56 /* Frameworks */,
				DB9481321F6D7BAF00788D56 /* CopyFiles */,
			);
			buildRules = (
			);
			dependencies = (
			);
			name = bonApetit;
			productName = Implementation;
			productReference = DB9481361F6D7BAF00788D56 /* bonApetit */;
			productType = "com.apple.product-type.tool";
		};
		DB9481371F6D7F8000788D56 /* sockMerchant */ = {
			isa = PBXNativeTarget;
			buildConfigurationList = DB94813C1F6D7F8000788D56 /* Build configuration list for PBXNativeTarget "sockMerchant" */;
			buildPhases = (
				DB9481381F6D7F8000788D56 /* Sources */,
				DB94813A1F6D7F8000788D56 /* Frameworks */,
				DB94813B1F6D7F8000788D56 /* CopyFiles */,
			);
			buildRules = (
			);
			dependencies = (
			);
			name = sockMerchant;
			productName = Implementation;
			productReference = DB94813F1F6D7F8000788D56 /* sockMerchant */;
			productType = "com.apple.product-type.tool";
		};
		DB9481421F6D8E1B00788D56 /* drawingBook */ = {
			isa = PBXNativeTarget;
			buildConfigurationList = DB9481471F6D8E1B00788D56 /* Build configuration list for PBXNativeTarget "drawingBook" */;
			buildPhases = (
				DB9481431F6D8E1B00788D56 /* Sources */,
				DB9481451F6D8E1B00788D56 /* Frameworks */,
				DB9481461F6D8E1B00788D56 /* CopyFiles */,
			);
			buildRules = (
			);
			dependencies = (
			);
			name = drawingBook;
			productName = Implementation;
			productReference = DB94814A1F6D8E1B00788D56 /* drawingBook */;
			productType = "com.apple.product-type.tool";
		};
/* End PBXNativeTarget section */

/* Begin PBXProject section */
		DB55F63D1F69E36700971AF5 /* Project object */ = {
			isa = PBXProject;
			attributes = {
				LastUpgradeCheck = 0900;
				ORGANIZATIONNAME = AreWeRedYet;
				TargetAttributes = {
					DB2928341F6EEF4300FD8630 = {
						ProvisioningStyle = Automatic;
					};
					DB2B3A621F6DD33C00A21BAF = {
						ProvisioningStyle = Automatic;
					};
					DB55F6441F69E36700971AF5 = {
						CreatedOnToolsVersion = 9.0;
						ProvisioningStyle = Automatic;
					};
					DB55F64F1F69E92600971AF5 = {
						ProvisioningStyle = Automatic;
					};
					DB55F65A1F69EC4700971AF5 = {
						ProvisioningStyle = Automatic;
					};
					DB69DDB51F6C9EE7002A8621 = {
						ProvisioningStyle = Automatic;
					};
					DB69DDBF1F6C9FA4002A8621 = {
						ProvisioningStyle = Automatic;
					};
					DB73CA8A1F71A63200C96721 = {
						ProvisioningStyle = Automatic;
					};
					DB74FDD91F72E98400DADCDA = {
						ProvisioningStyle = Automatic;
					};
					DB74FDE41F72ED6C00DADCDA = {
						ProvisioningStyle = Automatic;
					};
					DB888E3A1F6B189C00E95ECB = {
						ProvisioningStyle = Automatic;
					};
					DB888E461F6B199200E95ECB = {
						ProvisioningStyle = Automatic;
					};
					DB8966101F70770300088710 = {
						ProvisioningStyle = Automatic;
					};
					DB939A2A1F74588B00B504AF = {
						ProvisioningStyle = Automatic;
					};
					DB939A331F74588C00B504AF = {
						ProvisioningStyle = Automatic;
					};
					DB939A3C1F74588F00B504AF = {
						ProvisioningStyle = Automatic;
					};
					DB939A4B1F7588A500B504AF = {
						ProvisioningStyle = Automatic;
					};
					DB939A541F7588A600B504AF = {
						ProvisioningStyle = Automatic;
					};
					DB939A5D1F7588A600B504AF = {
						ProvisioningStyle = Automatic;
					};
					DB939A661F7588A700B504AF = {
						ProvisioningStyle = Automatic;
					};
					DB939A6F1F7588A700B504AF = {
						ProvisioningStyle = Automatic;
					};
					DB9481141F6D4E5400788D56 = {
						ProvisioningStyle = Automatic;
					};
					DB9481201F6D52AA00788D56 = {
						ProvisioningStyle = Automatic;
					};
					DB94812D1F6D7BAF00788D56 = {
						ProvisioningStyle = Automatic;
					};
					DB9481371F6D7F8000788D56 = {
						ProvisioningStyle = Automatic;
					};
					DB9481421F6D8E1B00788D56 = {
						ProvisioningStyle = Automatic;
					};
				};
			};
			buildConfigurationList = DB55F6401F69E36700971AF5 /* Build configuration list for PBXProject "Implementation" */;
			compatibilityVersion = "Xcode 8.0";
			developmentRegion = en;
			hasScannedForEncodings = 0;
			knownRegions = (
				en,
			);
			mainGroup = DB55F63C1F69E36700971AF5;
			productRefGroup = DB55F6461F69E36700971AF5 /* Products */;
			projectDirPath = "";
			projectRoot = "";
			targets = (
				DB55F6441F69E36700971AF5 /* appleAndOrange */,
				DB55F64F1F69E92600971AF5 /* gradingStudents */,
				DB55F65A1F69EC4700971AF5 /* kangaroo */,
				DB888E3A1F6B189C00E95ECB /* betweenTwoSets */,
				DB888E461F6B199200E95ECB /* breakingTheRecords */,
				DB69DDB51F6C9EE7002A8621 /* divisibleSumPairs */,
				DB69DDBF1F6C9FA4002A8621 /* birthdayChocolate */,
				DB9481141F6D4E5400788D56 /* migratoryBirds */,
				DB9481201F6D52AA00788D56 /* dayOfTheProgrammer */,
				DB94812D1F6D7BAF00788D56 /* bonApetit */,
				DB9481371F6D7F8000788D56 /* sockMerchant */,
				DB9481421F6D8E1B00788D56 /* drawingBook */,
				DB2B3A621F6DD33C00A21BAF /* countingValleys */,
				DB2928341F6EEF4300FD8630 /* electronicsShop */,
				DB8966101F70770300088710 /* catAndAMouse */,
				DB73CA8A1F71A63200C96721 /* pickingNumbers */,
				DB74FDD91F72E98400DADCDA /* climbingTheLeaderboard */,
				DB74FDE41F72ED6C00DADCDA /* magicSquare */,
				DB939A2A1F74588B00B504AF /* theHurdleRace */,
				DB939A331F74588C00B504AF /* pdfViewer */,
				DB939A3C1F74588F00B504AF /* utopianTree */,
				DB939A4B1F7588A500B504AF /* angryProfessor */,
				DB939A541F7588A600B504AF /* beautifulDaysAtTheMovies */,
				DB939A5D1F7588A600B504AF /* viralAdvertising */,
				DB939A661F7588A700B504AF /* circularArrayRotation */,
				DB939A6F1F7588A700B504AF /* sequenceEquation */,
			);
		};
/* End PBXProject section */

/* Begin PBXSourcesBuildPhase section */
		DB2928351F6EEF4300FD8630 /* Sources */ = {
			isa = PBXSourcesBuildPhase;
			buildActionMask = 2147483647;
			files = (
				DB29283E1F6EEF5A00FD8630 /* electronicsShop.cpp in Sources */,
			);
			runOnlyForDeploymentPostprocessing = 0;
		};
		DB2B3A631F6DD33C00A21BAF /* Sources */ = {
			isa = PBXSourcesBuildPhase;
			buildActionMask = 2147483647;
			files = (
				DB2B3A6C1F6DD35B00A21BAF /* countingValleys.cpp in Sources */,
			);
			runOnlyForDeploymentPostprocessing = 0;
		};
		DB55F6411F69E36700971AF5 /* Sources */ = {
			isa = PBXSourcesBuildPhase;
			buildActionMask = 2147483647;
			files = (
				DB55F6491F69E36700971AF5 /* appleAndOrange.cpp in Sources */,
			);
			runOnlyForDeploymentPostprocessing = 0;
		};
		DB55F6501F69E92600971AF5 /* Sources */ = {
			isa = PBXSourcesBuildPhase;
			buildActionMask = 2147483647;
			files = (
				DB55F6591F69E93A00971AF5 /* gradingStudents.cpp in Sources */,
			);
			runOnlyForDeploymentPostprocessing = 0;
		};
		DB55F65B1F69EC4700971AF5 /* Sources */ = {
			isa = PBXSourcesBuildPhase;
			buildActionMask = 2147483647;
			files = (
				DB55F6641F69EC5800971AF5 /* kangaroo.cpp in Sources */,
			);
			runOnlyForDeploymentPostprocessing = 0;
		};
		DB69DDB61F6C9EE7002A8621 /* Sources */ = {
			isa = PBXSourcesBuildPhase;
			buildActionMask = 2147483647;
			files = (
				DB69DDB81F6C9EE7002A8621 /* divisibleSumPairs.cpp in Sources */,
			);
			runOnlyForDeploymentPostprocessing = 0;
		};
		DB69DDC01F6C9FA4002A8621 /* Sources */ = {
			isa = PBXSourcesBuildPhase;
			buildActionMask = 2147483647;
			files = (
				DB94811F1F6D522000788D56 /* birthdayChocolate.cpp in Sources */,
			);
			runOnlyForDeploymentPostprocessing = 0;
		};
		DB73CA8B1F71A63200C96721 /* Sources */ = {
			isa = PBXSourcesBuildPhase;
			buildActionMask = 2147483647;
			files = (
				DB73CA941F71A65A00C96721 /* pickingNumbers.cpp in Sources */,
			);
			runOnlyForDeploymentPostprocessing = 0;
		};
		DB74FDDA1F72E98400DADCDA /* Sources */ = {
			isa = PBXSourcesBuildPhase;
			buildActionMask = 2147483647;
			files = (
				DB74FDE31F72E9AA00DADCDA /* climbingTheLeaderboard.cpp in Sources */,
			);
			runOnlyForDeploymentPostprocessing = 0;
		};
		DB74FDE51F72ED6C00DADCDA /* Sources */ = {
			isa = PBXSourcesBuildPhase;
			buildActionMask = 2147483647;
			files = (
				DB74FDEE1F72ED8A00DADCDA /* magicSquare.cpp in Sources */,
			);
			runOnlyForDeploymentPostprocessing = 0;
		};
		DB888E3B1F6B189C00E95ECB /* Sources */ = {
			isa = PBXSourcesBuildPhase;
			buildActionMask = 2147483647;
			files = (
				DB888E431F6B18A700E95ECB /* betweenTwoSets.cpp in Sources */,
			);
			runOnlyForDeploymentPostprocessing = 0;
		};
		DB888E471F6B199200E95ECB /* Sources */ = {
			isa = PBXSourcesBuildPhase;
			buildActionMask = 2147483647;
			files = (
				DB888E501F6B1AFC00E95ECB /* breakingTheRecords.cpp in Sources */,
			);
			runOnlyForDeploymentPostprocessing = 0;
		};
		DB8966111F70770300088710 /* Sources */ = {
			isa = PBXSourcesBuildPhase;
			buildActionMask = 2147483647;
			files = (
				DB89661A1F70773500088710 /* catAndAMouse.cpp in Sources */,
			);
			runOnlyForDeploymentPostprocessing = 0;
		};
		DB939A2B1F74588B00B504AF /* Sources */ = {
			isa = PBXSourcesBuildPhase;
			buildActionMask = 2147483647;
			files = (
				DB939A461F7458D300B504AF /* theHurdleRace.cpp in Sources */,
			);
			runOnlyForDeploymentPostprocessing = 0;
		};
		DB939A341F74588C00B504AF /* Sources */ = {
			isa = PBXSourcesBuildPhase;
			buildActionMask = 2147483647;
			files = (
				DB939A481F74591E00B504AF /* pdfViewer.cpp in Sources */,
			);
			runOnlyForDeploymentPostprocessing = 0;
		};
		DB939A3D1F74588F00B504AF /* Sources */ = {
			isa = PBXSourcesBuildPhase;
			buildActionMask = 2147483647;
			files = (
				DB939A4A1F74593F00B504AF /* utopianTree.cpp in Sources */,
			);
			runOnlyForDeploymentPostprocessing = 0;
		};
		DB939A4C1F7588A500B504AF /* Sources */ = {
			isa = PBXSourcesBuildPhase;
			buildActionMask = 2147483647;
			files = (
				DB939A821F7588F900B504AF /* angryProfessor.cpp in Sources */,
			);
			runOnlyForDeploymentPostprocessing = 0;
		};
		DB939A551F7588A600B504AF /* Sources */ = {
			isa = PBXSourcesBuildPhase;
			buildActionMask = 2147483647;
			files = (
				DB939A841F75890A00B504AF /* beautifulDaysAtTheMovies.cpp in Sources */,
			);
			runOnlyForDeploymentPostprocessing = 0;
		};
		DB939A5E1F7588A600B504AF /* Sources */ = {
			isa = PBXSourcesBuildPhase;
			buildActionMask = 2147483647;
			files = (
				DB939A861F75891900B504AF /* viralAdvertising.cpp in Sources */,
			);
			runOnlyForDeploymentPostprocessing = 0;
		};
		DB939A671F7588A700B504AF /* Sources */ = {
			isa = PBXSourcesBuildPhase;
			buildActionMask = 2147483647;
			files = (
				DB939A881F75892800B504AF /* circularArrayRotation.cpp in Sources */,
			);
			runOnlyForDeploymentPostprocessing = 0;
		};
		DB939A701F7588A700B504AF /* Sources */ = {
			isa = PBXSourcesBuildPhase;
			buildActionMask = 2147483647;
			files = (
				DB939A8A1F75893800B504AF /* sequenceEquation.cpp in Sources */,
			);
			runOnlyForDeploymentPostprocessing = 0;
		};
		DB9481151F6D4E5400788D56 /* Sources */ = {
			isa = PBXSourcesBuildPhase;
			buildActionMask = 2147483647;
			files = (
				DB94811E1F6D4E6E00788D56 /* migratoryBirds.cpp in Sources */,
			);
			runOnlyForDeploymentPostprocessing = 0;
		};
		DB9481211F6D52AA00788D56 /* Sources */ = {
			isa = PBXSourcesBuildPhase;
			buildActionMask = 2147483647;
			files = (
				DB94812A1F6D52D200788D56 /* dayOfTheProgrammer.cpp in Sources */,
			);
			runOnlyForDeploymentPostprocessing = 0;
		};
		DB94812E1F6D7BAF00788D56 /* Sources */ = {
			isa = PBXSourcesBuildPhase;
			buildActionMask = 2147483647;
			files = (
				DB94812F1F6D7BAF00788D56 /* bonApetit.cpp in Sources */,
			);
			runOnlyForDeploymentPostprocessing = 0;
		};
		DB9481381F6D7F8000788D56 /* Sources */ = {
			isa = PBXSourcesBuildPhase;
			buildActionMask = 2147483647;
			files = (
				DB9481411F6D7FA800788D56 /* sockMerchant.cpp in Sources */,
			);
			runOnlyForDeploymentPostprocessing = 0;
		};
		DB9481431F6D8E1B00788D56 /* Sources */ = {
			isa = PBXSourcesBuildPhase;
			buildActionMask = 2147483647;
			files = (
				DB94814C1F6D8E3200788D56 /* drawingBook.cpp in Sources */,
			);
			runOnlyForDeploymentPostprocessing = 0;
		};
/* End PBXSourcesBuildPhase section */

/* Begin XCBuildConfiguration section */
		DB29283A1F6EEF4300FD8630 /* Debug */ = {
			isa = XCBuildConfiguration;
			buildSettings = {
				CLANG_CXX_LANGUAGE_STANDARD = "c++0x";
				CLANG_CXX_LIBRARY = "libc++";
				CODE_SIGN_STYLE = Automatic;
				PRODUCT_NAME = "$(TARGET_NAME)";
			};
			name = Debug;
		};
		DB29283B1F6EEF4300FD8630 /* Release */ = {
			isa = XCBuildConfiguration;
			buildSettings = {
				CLANG_CXX_LANGUAGE_STANDARD = "c++0x";
				CLANG_CXX_LIBRARY = "libc++";
				CODE_SIGN_STYLE = Automatic;
				PRODUCT_NAME = "$(TARGET_NAME)";
			};
			name = Release;
		};
		DB2B3A681F6DD33C00A21BAF /* Debug */ = {
			isa = XCBuildConfiguration;
			buildSettings = {
				CLANG_CXX_LANGUAGE_STANDARD = "c++0x";
				CLANG_CXX_LIBRARY = "libc++";
				CODE_SIGN_STYLE = Automatic;
				PRODUCT_NAME = "$(TARGET_NAME)";
			};
			name = Debug;
		};
		DB2B3A691F6DD33C00A21BAF /* Release */ = {
			isa = XCBuildConfiguration;
			buildSettings = {
				CLANG_CXX_LANGUAGE_STANDARD = "c++0x";
				CLANG_CXX_LIBRARY = "libc++";
				CODE_SIGN_STYLE = Automatic;
				PRODUCT_NAME = "$(TARGET_NAME)";
			};
			name = Release;
		};
		DB55F64A1F69E36700971AF5 /* Debug */ = {
			isa = XCBuildConfiguration;
			buildSettings = {
				ALWAYS_SEARCH_USER_PATHS = NO;
				CLANG_ANALYZER_NONNULL = YES;
				CLANG_ANALYZER_NUMBER_OBJECT_CONVERSION = YES_AGGRESSIVE;
				CLANG_CXX_LANGUAGE_STANDARD = "gnu++14";
				CLANG_CXX_LIBRARY = "libc++";
				CLANG_ENABLE_MODULES = YES;
				CLANG_ENABLE_OBJC_ARC = YES;
				CLANG_WARN_BLOCK_CAPTURE_AUTORELEASING = YES;
				CLANG_WARN_BOOL_CONVERSION = YES;
				CLANG_WARN_COMMA = YES;
				CLANG_WARN_CONSTANT_CONVERSION = YES;
				CLANG_WARN_DIRECT_OBJC_ISA_USAGE = YES_ERROR;
				CLANG_WARN_DOCUMENTATION_COMMENTS = YES;
				CLANG_WARN_EMPTY_BODY = YES;
				CLANG_WARN_ENUM_CONVERSION = YES;
				CLANG_WARN_INFINITE_RECURSION = YES;
				CLANG_WARN_INT_CONVERSION = YES;
				CLANG_WARN_NON_LITERAL_NULL_CONVERSION = YES;
				CLANG_WARN_OBJC_LITERAL_CONVERSION = YES;
				CLANG_WARN_OBJC_ROOT_CLASS = YES_ERROR;
				CLANG_WARN_RANGE_LOOP_ANALYSIS = YES;
				CLANG_WARN_STRICT_PROTOTYPES = YES;
				CLANG_WARN_SUSPICIOUS_MOVE = YES;
				CLANG_WARN_UNGUARDED_AVAILABILITY = YES_AGGRESSIVE;
				CLANG_WARN_UNREACHABLE_CODE = YES;
				CLANG_WARN__DUPLICATE_METHOD_MATCH = YES;
				CODE_SIGN_IDENTITY = "-";
				COPY_PHASE_STRIP = NO;
				DEBUG_INFORMATION_FORMAT = dwarf;
				ENABLE_STRICT_OBJC_MSGSEND = YES;
				ENABLE_TESTABILITY = YES;
				GCC_C_LANGUAGE_STANDARD = gnu11;
				GCC_DYNAMIC_NO_PIC = NO;
				GCC_NO_COMMON_BLOCKS = YES;
				GCC_OPTIMIZATION_LEVEL = 0;
				GCC_PREPROCESSOR_DEFINITIONS = (
					"DEBUG=1",
					"$(inherited)",
				);
				GCC_WARN_64_TO_32_BIT_CONVERSION = YES;
				GCC_WARN_ABOUT_RETURN_TYPE = YES_ERROR;
				GCC_WARN_UNDECLARED_SELECTOR = YES;
				GCC_WARN_UNINITIALIZED_AUTOS = YES_AGGRESSIVE;
				GCC_WARN_UNUSED_FUNCTION = YES;
				GCC_WARN_UNUSED_VARIABLE = YES;
				MACOSX_DEPLOYMENT_TARGET = 10.12;
				MTL_ENABLE_DEBUG_INFO = YES;
				ONLY_ACTIVE_ARCH = YES;
				SDKROOT = macosx;
			};
			name = Debug;
		};
		DB55F64B1F69E36700971AF5 /* Release */ = {
			isa = XCBuildConfiguration;
			buildSettings = {
				ALWAYS_SEARCH_USER_PATHS = NO;
				CLANG_ANALYZER_NONNULL = YES;
				CLANG_ANALYZER_NUMBER_OBJECT_CONVERSION = YES_AGGRESSIVE;
				CLANG_CXX_LANGUAGE_STANDARD = "gnu++14";
				CLANG_CXX_LIBRARY = "libc++";
				CLANG_ENABLE_MODULES = YES;
				CLANG_ENABLE_OBJC_ARC = YES;
				CLANG_WARN_BLOCK_CAPTURE_AUTORELEASING = YES;
				CLANG_WARN_BOOL_CONVERSION = YES;
				CLANG_WARN_COMMA = YES;
				CLANG_WARN_CONSTANT_CONVERSION = YES;
				CLANG_WARN_DIRECT_OBJC_ISA_USAGE = YES_ERROR;
				CLANG_WARN_DOCUMENTATION_COMMENTS = YES;
				CLANG_WARN_EMPTY_BODY = YES;
				CLANG_WARN_ENUM_CONVERSION = YES;
				CLANG_WARN_INFINITE_RECURSION = YES;
				CLANG_WARN_INT_CONVERSION = YES;
				CLANG_WARN_NON_LITERAL_NULL_CONVERSION = YES;
				CLANG_WARN_OBJC_LITERAL_CONVERSION = YES;
				CLANG_WARN_OBJC_ROOT_CLASS = YES_ERROR;
				CLANG_WARN_RANGE_LOOP_ANALYSIS = YES;
				CLANG_WARN_STRICT_PROTOTYPES = YES;
				CLANG_WARN_SUSPICIOUS_MOVE = YES;
				CLANG_WARN_UNGUARDED_AVAILABILITY = YES_AGGRESSIVE;
				CLANG_WARN_UNREACHABLE_CODE = YES;
				CLANG_WARN__DUPLICATE_METHOD_MATCH = YES;
				CODE_SIGN_IDENTITY = "-";
				COPY_PHASE_STRIP = NO;
				DEBUG_INFORMATION_FORMAT = "dwarf-with-dsym";
				ENABLE_NS_ASSERTIONS = NO;
				ENABLE_STRICT_OBJC_MSGSEND = YES;
				GCC_C_LANGUAGE_STANDARD = gnu11;
				GCC_NO_COMMON_BLOCKS = YES;
				GCC_WARN_64_TO_32_BIT_CONVERSION = YES;
				GCC_WARN_ABOUT_RETURN_TYPE = YES_ERROR;
				GCC_WARN_UNDECLARED_SELECTOR = YES;
				GCC_WARN_UNINITIALIZED_AUTOS = YES_AGGRESSIVE;
				GCC_WARN_UNUSED_FUNCTION = YES;
				GCC_WARN_UNUSED_VARIABLE = YES;
				MACOSX_DEPLOYMENT_TARGET = 10.12;
				MTL_ENABLE_DEBUG_INFO = NO;
				SDKROOT = macosx;
			};
			name = Release;
		};
		DB55F64D1F69E36700971AF5 /* Debug */ = {
			isa = XCBuildConfiguration;
			buildSettings = {
				CODE_SIGN_STYLE = Automatic;
				PRODUCT_NAME = "$(TARGET_NAME)";
			};
			name = Debug;
		};
		DB55F64E1F69E36700971AF5 /* Release */ = {
			isa = XCBuildConfiguration;
			buildSettings = {
				CODE_SIGN_STYLE = Automatic;
				PRODUCT_NAME = "$(TARGET_NAME)";
			};
			name = Release;
		};
		DB55F6551F69E92600971AF5 /* Debug */ = {
			isa = XCBuildConfiguration;
			buildSettings = {
				CODE_SIGN_STYLE = Automatic;
				PRODUCT_NAME = "$(TARGET_NAME)";
			};
			name = Debug;
		};
		DB55F6561F69E92600971AF5 /* Release */ = {
			isa = XCBuildConfiguration;
			buildSettings = {
				CODE_SIGN_STYLE = Automatic;
				PRODUCT_NAME = "$(TARGET_NAME)";
			};
			name = Release;
		};
		DB55F6601F69EC4700971AF5 /* Debug */ = {
			isa = XCBuildConfiguration;
			buildSettings = {
				CODE_SIGN_STYLE = Automatic;
				PRODUCT_NAME = "$(TARGET_NAME)";
			};
			name = Debug;
		};
		DB55F6611F69EC4700971AF5 /* Release */ = {
			isa = XCBuildConfiguration;
			buildSettings = {
				CODE_SIGN_STYLE = Automatic;
				PRODUCT_NAME = "$(TARGET_NAME)";
			};
			name = Release;
		};
		DB69DDBC1F6C9EE7002A8621 /* Debug */ = {
			isa = XCBuildConfiguration;
			buildSettings = {
				CODE_SIGN_STYLE = Automatic;
				PRODUCT_NAME = "$(TARGET_NAME)";
			};
			name = Debug;
		};
		DB69DDBD1F6C9EE7002A8621 /* Release */ = {
			isa = XCBuildConfiguration;
			buildSettings = {
				CODE_SIGN_STYLE = Automatic;
				PRODUCT_NAME = "$(TARGET_NAME)";
			};
			name = Release;
		};
		DB69DDC51F6C9FA4002A8621 /* Debug */ = {
			isa = XCBuildConfiguration;
			buildSettings = {
				CODE_SIGN_STYLE = Automatic;
				PRODUCT_NAME = "$(TARGET_NAME)";
			};
			name = Debug;
		};
		DB69DDC61F6C9FA4002A8621 /* Release */ = {
			isa = XCBuildConfiguration;
			buildSettings = {
				CODE_SIGN_STYLE = Automatic;
				PRODUCT_NAME = "$(TARGET_NAME)";
			};
			name = Release;
		};
		DB73CA901F71A63200C96721 /* Debug */ = {
			isa = XCBuildConfiguration;
			buildSettings = {
				CLANG_CXX_LANGUAGE_STANDARD = "c++0x";
				CLANG_CXX_LIBRARY = "libc++";
				CODE_SIGN_STYLE = Automatic;
				PRODUCT_NAME = "$(TARGET_NAME)";
			};
			name = Debug;
		};
		DB73CA911F71A63200C96721 /* Release */ = {
			isa = XCBuildConfiguration;
			buildSettings = {
				CLANG_CXX_LANGUAGE_STANDARD = "c++0x";
				CLANG_CXX_LIBRARY = "libc++";
				CODE_SIGN_STYLE = Automatic;
				PRODUCT_NAME = "$(TARGET_NAME)";
			};
			name = Release;
		};
		DB74FDDF1F72E98400DADCDA /* Debug */ = {
			isa = XCBuildConfiguration;
			buildSettings = {
				CLANG_CXX_LANGUAGE_STANDARD = "c++0x";
				CLANG_CXX_LIBRARY = "libc++";
				CODE_SIGN_STYLE = Automatic;
				PRODUCT_NAME = "$(TARGET_NAME)";
			};
			name = Debug;
		};
		DB74FDE01F72E98400DADCDA /* Release */ = {
			isa = XCBuildConfiguration;
			buildSettings = {
				CLANG_CXX_LANGUAGE_STANDARD = "c++0x";
				CLANG_CXX_LIBRARY = "libc++";
				CODE_SIGN_STYLE = Automatic;
				PRODUCT_NAME = "$(TARGET_NAME)";
			};
			name = Release;
		};
		DB74FDEA1F72ED6C00DADCDA /* Debug */ = {
			isa = XCBuildConfiguration;
			buildSettings = {
				CLANG_CXX_LANGUAGE_STANDARD = "c++0x";
				CLANG_CXX_LIBRARY = "libc++";
				CODE_SIGN_STYLE = Automatic;
				PRODUCT_NAME = "$(TARGET_NAME)";
			};
			name = Debug;
		};
		DB74FDEB1F72ED6C00DADCDA /* Release */ = {
			isa = XCBuildConfiguration;
			buildSettings = {
				CLANG_CXX_LANGUAGE_STANDARD = "c++0x";
				CLANG_CXX_LIBRARY = "libc++";
				CODE_SIGN_STYLE = Automatic;
				PRODUCT_NAME = "$(TARGET_NAME)";
			};
			name = Release;
		};
		DB888E401F6B189C00E95ECB /* Debug */ = {
			isa = XCBuildConfiguration;
			buildSettings = {
				CODE_SIGN_STYLE = Automatic;
				PRODUCT_NAME = "$(TARGET_NAME)";
			};
			name = Debug;
		};
		DB888E411F6B189C00E95ECB /* Release */ = {
			isa = XCBuildConfiguration;
			buildSettings = {
				CODE_SIGN_STYLE = Automatic;
				PRODUCT_NAME = "$(TARGET_NAME)";
			};
			name = Release;
		};
		DB888E4D1F6B199200E95ECB /* Debug */ = {
			isa = XCBuildConfiguration;
			buildSettings = {
				CODE_SIGN_STYLE = Automatic;
				PRODUCT_NAME = "$(TARGET_NAME)";
			};
			name = Debug;
		};
		DB888E4E1F6B199200E95ECB /* Release */ = {
			isa = XCBuildConfiguration;
			buildSettings = {
				CODE_SIGN_STYLE = Automatic;
				PRODUCT_NAME = "$(TARGET_NAME)";
			};
			name = Release;
		};
		DB8966161F70770300088710 /* Debug */ = {
			isa = XCBuildConfiguration;
			buildSettings = {
				CLANG_CXX_LANGUAGE_STANDARD = "c++0x";
				CLANG_CXX_LIBRARY = "libc++";
				CODE_SIGN_STYLE = Automatic;
				PRODUCT_NAME = "$(TARGET_NAME)";
			};
			name = Debug;
		};
		DB8966171F70770300088710 /* Release */ = {
			isa = XCBuildConfiguration;
			buildSettings = {
				CLANG_CXX_LANGUAGE_STANDARD = "c++0x";
				CLANG_CXX_LIBRARY = "libc++";
				CODE_SIGN_STYLE = Automatic;
				PRODUCT_NAME = "$(TARGET_NAME)";
			};
			name = Release;
		};
		DB939A301F74588B00B504AF /* Debug */ = {
			isa = XCBuildConfiguration;
			buildSettings = {
				CLANG_CXX_LANGUAGE_STANDARD = "c++0x";
				CLANG_CXX_LIBRARY = "libc++";
				CODE_SIGN_STYLE = Automatic;
				PRODUCT_NAME = "$(TARGET_NAME)";
			};
			name = Debug;
		};
		DB939A311F74588B00B504AF /* Release */ = {
			isa = XCBuildConfiguration;
			buildSettings = {
				CLANG_CXX_LANGUAGE_STANDARD = "c++0x";
				CLANG_CXX_LIBRARY = "libc++";
				CODE_SIGN_STYLE = Automatic;
				PRODUCT_NAME = "$(TARGET_NAME)";
			};
			name = Release;
		};
		DB939A391F74588C00B504AF /* Debug */ = {
			isa = XCBuildConfiguration;
			buildSettings = {
				CLANG_CXX_LANGUAGE_STANDARD = "c++0x";
				CLANG_CXX_LIBRARY = "libc++";
				CODE_SIGN_STYLE = Automatic;
				PRODUCT_NAME = "$(TARGET_NAME)";
			};
			name = Debug;
		};
		DB939A3A1F74588C00B504AF /* Release */ = {
			isa = XCBuildConfiguration;
			buildSettings = {
				CLANG_CXX_LANGUAGE_STANDARD = "c++0x";
				CLANG_CXX_LIBRARY = "libc++";
				CODE_SIGN_STYLE = Automatic;
				PRODUCT_NAME = "$(TARGET_NAME)";
			};
			name = Release;
		};
		DB939A421F74588F00B504AF /* Debug */ = {
			isa = XCBuildConfiguration;
			buildSettings = {
				CLANG_CXX_LANGUAGE_STANDARD = "c++0x";
				CLANG_CXX_LIBRARY = "libc++";
				CODE_SIGN_STYLE = Automatic;
				PRODUCT_NAME = "$(TARGET_NAME)";
			};
			name = Debug;
		};
		DB939A431F74588F00B504AF /* Release */ = {
			isa = XCBuildConfiguration;
			buildSettings = {
				CLANG_CXX_LANGUAGE_STANDARD = "c++0x";
				CLANG_CXX_LIBRARY = "libc++";
				CODE_SIGN_STYLE = Automatic;
				PRODUCT_NAME = "$(TARGET_NAME)";
			};
			name = Release;
		};
		DB939A511F7588A500B504AF /* Debug */ = {
			isa = XCBuildConfiguration;
			buildSettings = {
				CLANG_CXX_LANGUAGE_STANDARD = "c++0x";
				CLANG_CXX_LIBRARY = "libc++";
				CODE_SIGN_STYLE = Automatic;
				PRODUCT_NAME = "$(TARGET_NAME)";
			};
			name = Debug;
		};
		DB939A521F7588A500B504AF /* Release */ = {
			isa = XCBuildConfiguration;
			buildSettings = {
				CLANG_CXX_LANGUAGE_STANDARD = "c++0x";
				CLANG_CXX_LIBRARY = "libc++";
				CODE_SIGN_STYLE = Automatic;
				PRODUCT_NAME = "$(TARGET_NAME)";
			};
			name = Release;
		};
		DB939A5A1F7588A600B504AF /* Debug */ = {
			isa = XCBuildConfiguration;
			buildSettings = {
				CLANG_CXX_LANGUAGE_STANDARD = "c++0x";
				CLANG_CXX_LIBRARY = "libc++";
				CODE_SIGN_STYLE = Automatic;
				PRODUCT_NAME = "$(TARGET_NAME)";
			};
			name = Debug;
		};
		DB939A5B1F7588A600B504AF /* Release */ = {
			isa = XCBuildConfiguration;
			buildSettings = {
				CLANG_CXX_LANGUAGE_STANDARD = "c++0x";
				CLANG_CXX_LIBRARY = "libc++";
				CODE_SIGN_STYLE = Automatic;
				PRODUCT_NAME = "$(TARGET_NAME)";
			};
			name = Release;
		};
		DB939A631F7588A600B504AF /* Debug */ = {
			isa = XCBuildConfiguration;
			buildSettings = {
				CLANG_CXX_LANGUAGE_STANDARD = "c++0x";
				CLANG_CXX_LIBRARY = "libc++";
				CODE_SIGN_STYLE = Automatic;
				PRODUCT_NAME = "$(TARGET_NAME)";
			};
			name = Debug;
		};
		DB939A641F7588A600B504AF /* Release */ = {
			isa = XCBuildConfiguration;
			buildSettings = {
				CLANG_CXX_LANGUAGE_STANDARD = "c++0x";
				CLANG_CXX_LIBRARY = "libc++";
				CODE_SIGN_STYLE = Automatic;
				PRODUCT_NAME = "$(TARGET_NAME)";
			};
			name = Release;
		};
		DB939A6C1F7588A700B504AF /* Debug */ = {
			isa = XCBuildConfiguration;
			buildSettings = {
				CLANG_CXX_LANGUAGE_STANDARD = "c++0x";
				CLANG_CXX_LIBRARY = "libc++";
				CODE_SIGN_STYLE = Automatic;
				PRODUCT_NAME = "$(TARGET_NAME)";
			};
			name = Debug;
		};
		DB939A6D1F7588A700B504AF /* Release */ = {
			isa = XCBuildConfiguration;
			buildSettings = {
				CLANG_CXX_LANGUAGE_STANDARD = "c++0x";
				CLANG_CXX_LIBRARY = "libc++";
				CODE_SIGN_STYLE = Automatic;
				PRODUCT_NAME = "$(TARGET_NAME)";
			};
			name = Release;
		};
		DB939A751F7588A700B504AF /* Debug */ = {
			isa = XCBuildConfiguration;
			buildSettings = {
				CLANG_CXX_LANGUAGE_STANDARD = "c++0x";
				CLANG_CXX_LIBRARY = "libc++";
				CODE_SIGN_STYLE = Automatic;
				PRODUCT_NAME = "$(TARGET_NAME)";
			};
			name = Debug;
		};
		DB939A761F7588A700B504AF /* Release */ = {
			isa = XCBuildConfiguration;
			buildSettings = {
				CLANG_CXX_LANGUAGE_STANDARD = "c++0x";
				CLANG_CXX_LIBRARY = "libc++";
				CODE_SIGN_STYLE = Automatic;
				PRODUCT_NAME = "$(TARGET_NAME)";
			};
			name = Release;
		};
		DB94811A1F6D4E5400788D56 /* Debug */ = {
			isa = XCBuildConfiguration;
			buildSettings = {
				CODE_SIGN_STYLE = Automatic;
				PRODUCT_NAME = "$(TARGET_NAME)";
			};
			name = Debug;
		};
		DB94811B1F6D4E5400788D56 /* Release */ = {
			isa = XCBuildConfiguration;
			buildSettings = {
				CODE_SIGN_STYLE = Automatic;
				PRODUCT_NAME = "$(TARGET_NAME)";
			};
			name = Release;
		};
		DB9481261F6D52AA00788D56 /* Debug */ = {
			isa = XCBuildConfiguration;
			buildSettings = {
				CODE_SIGN_STYLE = Automatic;
				PRODUCT_NAME = "$(TARGET_NAME)";
			};
			name = Debug;
		};
		DB9481271F6D52AA00788D56 /* Release */ = {
			isa = XCBuildConfiguration;
			buildSettings = {
				CODE_SIGN_STYLE = Automatic;
				PRODUCT_NAME = "$(TARGET_NAME)";
			};
			name = Release;
		};
		DB9481341F6D7BAF00788D56 /* Debug */ = {
			isa = XCBuildConfiguration;
			buildSettings = {
				CODE_SIGN_STYLE = Automatic;
				PRODUCT_NAME = "$(TARGET_NAME)";
			};
			name = Debug;
		};
		DB9481351F6D7BAF00788D56 /* Release */ = {
			isa = XCBuildConfiguration;
			buildSettings = {
				CODE_SIGN_STYLE = Automatic;
				PRODUCT_NAME = "$(TARGET_NAME)";
			};
			name = Release;
		};
		DB94813D1F6D7F8000788D56 /* Debug */ = {
			isa = XCBuildConfiguration;
			buildSettings = {
				CODE_SIGN_STYLE = Automatic;
				PRODUCT_NAME = "$(TARGET_NAME)";
			};
			name = Debug;
		};
		DB94813E1F6D7F8000788D56 /* Release */ = {
			isa = XCBuildConfiguration;
			buildSettings = {
				CODE_SIGN_STYLE = Automatic;
				PRODUCT_NAME = "$(TARGET_NAME)";
			};
			name = Release;
		};
		DB9481481F6D8E1B00788D56 /* Debug */ = {
			isa = XCBuildConfiguration;
			buildSettings = {
				CLANG_CXX_LANGUAGE_STANDARD = "c++0x";
				CLANG_CXX_LIBRARY = "libc++";
				CODE_SIGN_STYLE = Automatic;
				PRODUCT_NAME = "$(TARGET_NAME)";
			};
			name = Debug;
		};
		DB9481491F6D8E1B00788D56 /* Release */ = {
			isa = XCBuildConfiguration;
			buildSettings = {
				CLANG_CXX_LANGUAGE_STANDARD = "c++0x";
				CLANG_CXX_LIBRARY = "libc++";
				CODE_SIGN_STYLE = Automatic;
				PRODUCT_NAME = "$(TARGET_NAME)";
			};
			name = Release;
		};
/* End XCBuildConfiguration section */

/* Begin XCConfigurationList section */
		DB2928391F6EEF4300FD8630 /* Build configuration list for PBXNativeTarget "electronicsShop" */ = {
			isa = XCConfigurationList;
			buildConfigurations = (
				DB29283A1F6EEF4300FD8630 /* Debug */,
				DB29283B1F6EEF4300FD8630 /* Release */,
			);
			defaultConfigurationIsVisible = 0;
			defaultConfigurationName = Release;
		};
		DB2B3A671F6DD33C00A21BAF /* Build configuration list for PBXNativeTarget "countingValleys" */ = {
			isa = XCConfigurationList;
			buildConfigurations = (
				DB2B3A681F6DD33C00A21BAF /* Debug */,
				DB2B3A691F6DD33C00A21BAF /* Release */,
			);
			defaultConfigurationIsVisible = 0;
			defaultConfigurationName = Release;
		};
		DB55F6401F69E36700971AF5 /* Build configuration list for PBXProject "Implementation" */ = {
			isa = XCConfigurationList;
			buildConfigurations = (
				DB55F64A1F69E36700971AF5 /* Debug */,
				DB55F64B1F69E36700971AF5 /* Release */,
			);
			defaultConfigurationIsVisible = 0;
			defaultConfigurationName = Release;
		};
		DB55F64C1F69E36700971AF5 /* Build configuration list for PBXNativeTarget "appleAndOrange" */ = {
			isa = XCConfigurationList;
			buildConfigurations = (
				DB55F64D1F69E36700971AF5 /* Debug */,
				DB55F64E1F69E36700971AF5 /* Release */,
			);
			defaultConfigurationIsVisible = 0;
			defaultConfigurationName = Release;
		};
		DB55F6541F69E92600971AF5 /* Build configuration list for PBXNativeTarget "gradingStudents" */ = {
			isa = XCConfigurationList;
			buildConfigurations = (
				DB55F6551F69E92600971AF5 /* Debug */,
				DB55F6561F69E92600971AF5 /* Release */,
			);
			defaultConfigurationIsVisible = 0;
			defaultConfigurationName = Release;
		};
		DB55F65F1F69EC4700971AF5 /* Build configuration list for PBXNativeTarget "kangaroo" */ = {
			isa = XCConfigurationList;
			buildConfigurations = (
				DB55F6601F69EC4700971AF5 /* Debug */,
				DB55F6611F69EC4700971AF5 /* Release */,
			);
			defaultConfigurationIsVisible = 0;
			defaultConfigurationName = Release;
		};
		DB69DDBB1F6C9EE7002A8621 /* Build configuration list for PBXNativeTarget "divisibleSumPairs" */ = {
			isa = XCConfigurationList;
			buildConfigurations = (
				DB69DDBC1F6C9EE7002A8621 /* Debug */,
				DB69DDBD1F6C9EE7002A8621 /* Release */,
			);
			defaultConfigurationIsVisible = 0;
			defaultConfigurationName = Release;
		};
		DB69DDC41F6C9FA4002A8621 /* Build configuration list for PBXNativeTarget "birthdayChocolate" */ = {
			isa = XCConfigurationList;
			buildConfigurations = (
				DB69DDC51F6C9FA4002A8621 /* Debug */,
				DB69DDC61F6C9FA4002A8621 /* Release */,
			);
			defaultConfigurationIsVisible = 0;
			defaultConfigurationName = Release;
		};
		DB73CA8F1F71A63200C96721 /* Build configuration list for PBXNativeTarget "pickingNumbers" */ = {
			isa = XCConfigurationList;
			buildConfigurations = (
				DB73CA901F71A63200C96721 /* Debug */,
				DB73CA911F71A63200C96721 /* Release */,
			);
			defaultConfigurationIsVisible = 0;
			defaultConfigurationName = Release;
		};
		DB74FDDE1F72E98400DADCDA /* Build configuration list for PBXNativeTarget "climbingTheLeaderboard" */ = {
			isa = XCConfigurationList;
			buildConfigurations = (
				DB74FDDF1F72E98400DADCDA /* Debug */,
				DB74FDE01F72E98400DADCDA /* Release */,
			);
			defaultConfigurationIsVisible = 0;
			defaultConfigurationName = Release;
		};
		DB74FDE91F72ED6C00DADCDA /* Build configuration list for PBXNativeTarget "magicSquare" */ = {
			isa = XCConfigurationList;
			buildConfigurations = (
				DB74FDEA1F72ED6C00DADCDA /* Debug */,
				DB74FDEB1F72ED6C00DADCDA /* Release */,
			);
			defaultConfigurationIsVisible = 0;
			defaultConfigurationName = Release;
		};
		DB888E3F1F6B189C00E95ECB /* Build configuration list for PBXNativeTarget "betweenTwoSets" */ = {
			isa = XCConfigurationList;
			buildConfigurations = (
				DB888E401F6B189C00E95ECB /* Debug */,
				DB888E411F6B189C00E95ECB /* Release */,
			);
			defaultConfigurationIsVisible = 0;
			defaultConfigurationName = Release;
		};
		DB888E4C1F6B199200E95ECB /* Build configuration list for PBXNativeTarget "breakingTheRecords" */ = {
			isa = XCConfigurationList;
			buildConfigurations = (
				DB888E4D1F6B199200E95ECB /* Debug */,
				DB888E4E1F6B199200E95ECB /* Release */,
			);
			defaultConfigurationIsVisible = 0;
			defaultConfigurationName = Release;
		};
		DB8966151F70770300088710 /* Build configuration list for PBXNativeTarget "catAndAMouse" */ = {
			isa = XCConfigurationList;
			buildConfigurations = (
				DB8966161F70770300088710 /* Debug */,
				DB8966171F70770300088710 /* Release */,
			);
			defaultConfigurationIsVisible = 0;
			defaultConfigurationName = Release;
		};
		DB939A2F1F74588B00B504AF /* Build configuration list for PBXNativeTarget "theHurdleRace" */ = {
			isa = XCConfigurationList;
			buildConfigurations = (
				DB939A301F74588B00B504AF /* Debug */,
				DB939A311F74588B00B504AF /* Release */,
			);
			defaultConfigurationIsVisible = 0;
			defaultConfigurationName = Release;
		};
		DB939A381F74588C00B504AF /* Build configuration list for PBXNativeTarget "pdfViewer" */ = {
			isa = XCConfigurationList;
			buildConfigurations = (
				DB939A391F74588C00B504AF /* Debug */,
				DB939A3A1F74588C00B504AF /* Release */,
			);
			defaultConfigurationIsVisible = 0;
			defaultConfigurationName = Release;
		};
		DB939A411F74588F00B504AF /* Build configuration list for PBXNativeTarget "utopianTree" */ = {
			isa = XCConfigurationList;
			buildConfigurations = (
				DB939A421F74588F00B504AF /* Debug */,
				DB939A431F74588F00B504AF /* Release */,
			);
			defaultConfigurationIsVisible = 0;
			defaultConfigurationName = Release;
		};
		DB939A501F7588A500B504AF /* Build configuration list for PBXNativeTarget "angryProfessor" */ = {
			isa = XCConfigurationList;
			buildConfigurations = (
				DB939A511F7588A500B504AF /* Debug */,
				DB939A521F7588A500B504AF /* Release */,
			);
			defaultConfigurationIsVisible = 0;
			defaultConfigurationName = Release;
		};
		DB939A591F7588A600B504AF /* Build configuration list for PBXNativeTarget "beautifulDaysAtTheMovies" */ = {
			isa = XCConfigurationList;
			buildConfigurations = (
				DB939A5A1F7588A600B504AF /* Debug */,
				DB939A5B1F7588A600B504AF /* Release */,
			);
			defaultConfigurationIsVisible = 0;
			defaultConfigurationName = Release;
		};
		DB939A621F7588A600B504AF /* Build configuration list for PBXNativeTarget "viralAdvertising" */ = {
			isa = XCConfigurationList;
			buildConfigurations = (
				DB939A631F7588A600B504AF /* Debug */,
				DB939A641F7588A600B504AF /* Release */,
			);
			defaultConfigurationIsVisible = 0;
			defaultConfigurationName = Release;
		};
		DB939A6B1F7588A700B504AF /* Build configuration list for PBXNativeTarget "circularArrayRotation" */ = {
			isa = XCConfigurationList;
			buildConfigurations = (
				DB939A6C1F7588A700B504AF /* Debug */,
				DB939A6D1F7588A700B504AF /* Release */,
			);
			defaultConfigurationIsVisible = 0;
			defaultConfigurationName = Release;
		};
		DB939A741F7588A700B504AF /* Build configuration list for PBXNativeTarget "sequenceEquation" */ = {
			isa = XCConfigurationList;
			buildConfigurations = (
				DB939A751F7588A700B504AF /* Debug */,
				DB939A761F7588A700B504AF /* Release */,
			);
			defaultConfigurationIsVisible = 0;
			defaultConfigurationName = Release;
		};
		DB9481191F6D4E5400788D56 /* Build configuration list for PBXNativeTarget "migratoryBirds" */ = {
			isa = XCConfigurationList;
			buildConfigurations = (
				DB94811A1F6D4E5400788D56 /* Debug */,
				DB94811B1F6D4E5400788D56 /* Release */,
			);
			defaultConfigurationIsVisible = 0;
			defaultConfigurationName = Release;
		};
		DB9481251F6D52AA00788D56 /* Build configuration list for PBXNativeTarget "dayOfTheProgrammer" */ = {
			isa = XCConfigurationList;
			buildConfigurations = (
				DB9481261F6D52AA00788D56 /* Debug */,
				DB9481271F6D52AA00788D56 /* Release */,
			);
			defaultConfigurationIsVisible = 0;
			defaultConfigurationName = Release;
		};
		DB9481331F6D7BAF00788D56 /* Build configuration list for PBXNativeTarget "bonApetit" */ = {
			isa = XCConfigurationList;
			buildConfigurations = (
				DB9481341F6D7BAF00788D56 /* Debug */,
				DB9481351F6D7BAF00788D56 /* Release */,
			);
			defaultConfigurationIsVisible = 0;
			defaultConfigurationName = Release;
		};
		DB94813C1F6D7F8000788D56 /* Build configuration list for PBXNativeTarget "sockMerchant" */ = {
			isa = XCConfigurationList;
			buildConfigurations = (
				DB94813D1F6D7F8000788D56 /* Debug */,
				DB94813E1F6D7F8000788D56 /* Release */,
			);
			defaultConfigurationIsVisible = 0;
			defaultConfigurationName = Release;
		};
		DB9481471F6D8E1B00788D56 /* Build configuration list for PBXNativeTarget "drawingBook" */ = {
			isa = XCConfigurationList;
			buildConfigurations = (
				DB9481481F6D8E1B00788D56 /* Debug */,
				DB9481491F6D8E1B00788D56 /* Release */,
			);
			defaultConfigurationIsVisible = 0;
			defaultConfigurationName = Release;
		};
/* End XCConfigurationList section */
	};
	rootObject = DB55F63D1F69E36700971AF5 /* Project object */;
}
