// !$*UTF8*$!
{
	archiveVersion = 1;
	classes = {
	};
	objectVersion = 48;
	objects = {

/* Begin PBXBuildFile section */
		DBA5B5891F8C137400490BDA /* A.cpp in Sources */ = {isa = PBXBuildFile; fileRef = DBA5B5881F8C137400490BDA /* A.cpp */; };
		DBA5B5941F8C138B00490BDA /* B.cpp in Sources */ = {isa = PBXBuildFile; fileRef = DBA5B5931F8C138B00490BDA /* B.cpp */; };
		DBA5B59F1F8C16B000490BDA /* C.cpp in Sources */ = {isa = PBXBuildFile; fileRef = DBA5B5951F8C16A600490BDA /* C.cpp */; };
/* End PBXBuildFile section */

/* Begin PBXCopyFilesBuildPhase section */
		DBA5B57C1F8C136100490BDA /* CopyFiles */ = {
			isa = PBXCopyFilesBuildPhase;
			buildActionMask = 2147483647;
			dstPath = /usr/share/man/man1/;
			dstSubfolderSpec = 0;
			files = (
			);
			runOnlyForDeploymentPostprocessing = 1;
		};
		DBA5B58E1F8C137800490BDA /* CopyFiles */ = {
			isa = PBXCopyFilesBuildPhase;
			buildActionMask = 2147483647;
			dstPath = /usr/share/man/man1/;
			dstSubfolderSpec = 0;
			files = (
			);
			runOnlyForDeploymentPostprocessing = 1;
		};
		DBA5B59A1F8C16A900490BDA /* CopyFiles */ = {
			isa = PBXCopyFilesBuildPhase;
			buildActionMask = 2147483647;
			dstPath = /usr/share/man/man1/;
			dstSubfolderSpec = 0;
			files = (
			);
			runOnlyForDeploymentPostprocessing = 1;
		};
/* End PBXCopyFilesBuildPhase section */

/* Begin PBXFileReference section */
		DBA5B57E1F8C136100490BDA /* A */ = {isa = PBXFileReference; explicitFileType = "compiled.mach-o.executable"; includeInIndex = 0; path = A; sourceTree = BUILT_PRODUCTS_DIR; };
		DBA5B5881F8C137400490BDA /* A.cpp */ = {isa = PBXFileReference; lastKnownFileType = sourcecode.cpp.cpp; path = A.cpp; sourceTree = "<group>"; };
		DBA5B5921F8C137800490BDA /* B */ = {isa = PBXFileReference; explicitFileType = "compiled.mach-o.executable"; includeInIndex = 0; path = B; sourceTree = BUILT_PRODUCTS_DIR; };
		DBA5B5931F8C138B00490BDA /* B.cpp */ = {isa = PBXFileReference; lastKnownFileType = sourcecode.cpp.cpp; path = B.cpp; sourceTree = "<group>"; };
		DBA5B5951F8C16A600490BDA /* C.cpp */ = {isa = PBXFileReference; lastKnownFileType = sourcecode.cpp.cpp; path = C.cpp; sourceTree = "<group>"; };
		DBA5B59E1F8C16A900490BDA /* C */ = {isa = PBXFileReference; explicitFileType = "compiled.mach-o.executable"; includeInIndex = 0; path = C; sourceTree = BUILT_PRODUCTS_DIR; };
/* End PBXFileReference section */

/* Begin PBXFrameworksBuildPhase section */
		DBA5B57B1F8C136100490BDA /* Frameworks */ = {
			isa = PBXFrameworksBuildPhase;
			buildActionMask = 2147483647;
			files = (
			);
			runOnlyForDeploymentPostprocessing = 0;
		};
		DBA5B58D1F8C137800490BDA /* Frameworks */ = {
			isa = PBXFrameworksBuildPhase;
			buildActionMask = 2147483647;
			files = (
			);
			runOnlyForDeploymentPostprocessing = 0;
		};
		DBA5B5991F8C16A900490BDA /* Frameworks */ = {
			isa = PBXFrameworksBuildPhase;
			buildActionMask = 2147483647;
			files = (
			);
			runOnlyForDeploymentPostprocessing = 0;
		};
/* End PBXFrameworksBuildPhase section */

/* Begin PBXGroup section */
		DBA5B5751F8C136100490BDA = {
			isa = PBXGroup;
			children = (
				DBA5B5801F8C136100490BDA /* Div2.397 */,
				DBA5B57F1F8C136100490BDA /* Products */,
			);
			sourceTree = "<group>";
		};
		DBA5B57F1F8C136100490BDA /* Products */ = {
			isa = PBXGroup;
			children = (
				DBA5B57E1F8C136100490BDA /* A */,
				DBA5B5921F8C137800490BDA /* B */,
				DBA5B59E1F8C16A900490BDA /* C */,
			);
			name = Products;
			sourceTree = "<group>";
		};
		DBA5B5801F8C136100490BDA /* Div2.397 */ = {
			isa = PBXGroup;
			children = (
				DBA5B5881F8C137400490BDA /* A.cpp */,
				DBA5B5931F8C138B00490BDA /* B.cpp */,
				DBA5B5951F8C16A600490BDA /* C.cpp */,
			);
			path = Div2.397;
			sourceTree = "<group>";
		};
/* End PBXGroup section */

/* Begin PBXNativeTarget section */
		DBA5B57D1F8C136100490BDA /* A */ = {
			isa = PBXNativeTarget;
			buildConfigurationList = DBA5B5851F8C136100490BDA /* Build configuration list for PBXNativeTarget "A" */;
			buildPhases = (
				DBA5B57A1F8C136100490BDA /* Sources */,
				DBA5B57B1F8C136100490BDA /* Frameworks */,
				DBA5B57C1F8C136100490BDA /* CopyFiles */,
			);
			buildRules = (
			);
			dependencies = (
			);
			name = A;
			productName = Div2.397;
			productReference = DBA5B57E1F8C136100490BDA /* A */;
			productType = "com.apple.product-type.tool";
		};
		DBA5B58A1F8C137800490BDA /* B */ = {
			isa = PBXNativeTarget;
			buildConfigurationList = DBA5B58F1F8C137800490BDA /* Build configuration list for PBXNativeTarget "B" */;
			buildPhases = (
				DBA5B58B1F8C137800490BDA /* Sources */,
				DBA5B58D1F8C137800490BDA /* Frameworks */,
				DBA5B58E1F8C137800490BDA /* CopyFiles */,
			);
			buildRules = (
			);
			dependencies = (
			);
			name = B;
			productName = Div2.397;
			productReference = DBA5B5921F8C137800490BDA /* B */;
			productType = "com.apple.product-type.tool";
		};
		DBA5B5961F8C16A900490BDA /* C */ = {
			isa = PBXNativeTarget;
			buildConfigurationList = DBA5B59B1F8C16A900490BDA /* Build configuration list for PBXNativeTarget "C" */;
			buildPhases = (
				DBA5B5971F8C16A900490BDA /* Sources */,
				DBA5B5991F8C16A900490BDA /* Frameworks */,
				DBA5B59A1F8C16A900490BDA /* CopyFiles */,
			);
			buildRules = (
			);
			dependencies = (
			);
			name = C;
			productName = Div2.397;
			productReference = DBA5B59E1F8C16A900490BDA /* C */;
			productType = "com.apple.product-type.tool";
		};
/* End PBXNativeTarget section */

/* Begin PBXProject section */
		DBA5B5761F8C136100490BDA /* Project object */ = {
			isa = PBXProject;
			attributes = {
				LastUpgradeCheck = 0900;
				ORGANIZATIONNAME = AreWeRedYet;
				TargetAttributes = {
					DBA5B57D1F8C136100490BDA = {
						CreatedOnToolsVersion = 9.0;
						ProvisioningStyle = Automatic;
					};
					DBA5B58A1F8C137800490BDA = {
						ProvisioningStyle = Automatic;
					};
					DBA5B5961F8C16A900490BDA = {
						ProvisioningStyle = Automatic;
					};
				};
			};
			buildConfigurationList = DBA5B5791F8C136100490BDA /* Build configuration list for PBXProject "Div2.397" */;
			compatibilityVersion = "Xcode 8.0";
			developmentRegion = en;
			hasScannedForEncodings = 0;
			knownRegions = (
				en,
			);
			mainGroup = DBA5B5751F8C136100490BDA;
			productRefGroup = DBA5B57F1F8C136100490BDA /* Products */;
			projectDirPath = "";
			projectRoot = "";
			targets = (
				DBA5B57D1F8C136100490BDA /* A */,
				DBA5B58A1F8C137800490BDA /* B */,
				DBA5B5961F8C16A900490BDA /* C */,
			);
		};
/* End PBXProject section */

/* Begin PBXSourcesBuildPhase section */
		DBA5B57A1F8C136100490BDA /* Sources */ = {
			isa = PBXSourcesBuildPhase;
			buildActionMask = 2147483647;
			files = (
				DBA5B5891F8C137400490BDA /* A.cpp in Sources */,
			);
			runOnlyForDeploymentPostprocessing = 0;
		};
		DBA5B58B1F8C137800490BDA /* Sources */ = {
			isa = PBXSourcesBuildPhase;
			buildActionMask = 2147483647;
			files = (
				DBA5B5941F8C138B00490BDA /* B.cpp in Sources */,
			);
			runOnlyForDeploymentPostprocessing = 0;
		};
		DBA5B5971F8C16A900490BDA /* Sources */ = {
			isa = PBXSourcesBuildPhase;
			buildActionMask = 2147483647;
			files = (
				DBA5B59F1F8C16B000490BDA /* C.cpp in Sources */,
			);
			runOnlyForDeploymentPostprocessing = 0;
		};
/* End PBXSourcesBuildPhase section */

/* Begin XCBuildConfiguration section */
		DBA5B5831F8C136100490BDA /* Debug */ = {
			isa = XCBuildConfiguration;
			buildSettings = {
				ALWAYS_SEARCH_USER_PATHS = NO;
				CLANG_ANALYZER_NONNULL = YES;
				CLANG_ANALYZER_NUMBER_OBJECT_CONVERSION = YES_AGGRESSIVE;
				CLANG_CXX_LANGUAGE_STANDARD = "gnu++14";
				CLANG_CXX_LIBRARY = "libc++";
				CLANG_ENABLE_MODULES = YES;
				CLANG_ENABLE_OBJC_ARC = YES;
				CLANG_WARN_BLOCK_CAPTURE_AUTORELEASING = YES;
				CLANG_WARN_BOOL_CONVERSION = YES;
				CLANG_WARN_COMMA = YES;
				CLANG_WARN_CONSTANT_CONVERSION = YES;
				CLANG_WARN_DIRECT_OBJC_ISA_USAGE = YES_ERROR;
				CLANG_WARN_DOCUMENTATION_COMMENTS = YES;
				CLANG_WARN_EMPTY_BODY = YES;
				CLANG_WARN_ENUM_CONVERSION = YES;
				CLANG_WARN_INFINITE_RECURSION = YES;
				CLANG_WARN_INT_CONVERSION = YES;
				CLANG_WARN_NON_LITERAL_NULL_CONVERSION = YES;
				CLANG_WARN_OBJC_LITERAL_CONVERSION = YES;
				CLANG_WARN_OBJC_ROOT_CLASS = YES_ERROR;
				CLANG_WARN_RANGE_LOOP_ANALYSIS = YES;
				CLANG_WARN_STRICT_PROTOTYPES = YES;
				CLANG_WARN_SUSPICIOUS_MOVE = YES;
				CLANG_WARN_UNGUARDED_AVAILABILITY = YES_AGGRESSIVE;
				CLANG_WARN_UNREACHABLE_CODE = YES;
				CLANG_WARN__DUPLICATE_METHOD_MATCH = YES;
				CODE_SIGN_IDENTITY = "-";
				COPY_PHASE_STRIP = NO;
				DEBUG_INFORMATION_FORMAT = dwarf;
				ENABLE_STRICT_OBJC_MSGSEND = YES;
				ENABLE_TESTABILITY = YES;
				GCC_C_LANGUAGE_STANDARD = gnu11;
				GCC_DYNAMIC_NO_PIC = NO;
				GCC_NO_COMMON_BLOCKS = YES;
				GCC_OPTIMIZATION_LEVEL = 0;
				GCC_PREPROCESSOR_DEFINITIONS = (
					"DEBUG=1",
					"$(inherited)",
				);
				GCC_WARN_64_TO_32_BIT_CONVERSION = YES;
				GCC_WARN_ABOUT_RETURN_TYPE = YES_ERROR;
				GCC_WARN_UNDECLARED_SELECTOR = YES;
				GCC_WARN_UNINITIALIZED_AUTOS = YES_AGGRESSIVE;
				GCC_WARN_UNUSED_FUNCTION = YES;
				GCC_WARN_UNUSED_VARIABLE = YES;
				MACOSX_DEPLOYMENT_TARGET = 10.13;
				MTL_ENABLE_DEBUG_INFO = YES;
				ONLY_ACTIVE_ARCH = YES;
				SDKROOT = macosx;
			};
			name = Debug;
		};
		DBA5B5841F8C136100490BDA /* Release */ = {
			isa = XCBuildConfiguration;
			buildSettings = {
				ALWAYS_SEARCH_USER_PATHS = NO;
				CLANG_ANALYZER_NONNULL = YES;
				CLANG_ANALYZER_NUMBER_OBJECT_CONVERSION = YES_AGGRESSIVE;
				CLANG_CXX_LANGUAGE_STANDARD = "gnu++14";
				CLANG_CXX_LIBRARY = "libc++";
				CLANG_ENABLE_MODULES = YES;
				CLANG_ENABLE_OBJC_ARC = YES;
				CLANG_WARN_BLOCK_CAPTURE_AUTORELEASING = YES;
				CLANG_WARN_BOOL_CONVERSION = YES;
				CLANG_WARN_COMMA = YES;
				CLANG_WARN_CONSTANT_CONVERSION = YES;
				CLANG_WARN_DIRECT_OBJC_ISA_USAGE = YES_ERROR;
				CLANG_WARN_DOCUMENTATION_COMMENTS = YES;
				CLANG_WARN_EMPTY_BODY = YES;
				CLANG_WARN_ENUM_CONVERSION = YES;
				CLANG_WARN_INFINITE_RECURSION = YES;
				CLANG_WARN_INT_CONVERSION = YES;
				CLANG_WARN_NON_LITERAL_NULL_CONVERSION = YES;
				CLANG_WARN_OBJC_LITERAL_CONVERSION = YES;
				CLANG_WARN_OBJC_ROOT_CLASS = YES_ERROR;
				CLANG_WARN_RANGE_LOOP_ANALYSIS = YES;
				CLANG_WARN_STRICT_PROTOTYPES = YES;
				CLANG_WARN_SUSPICIOUS_MOVE = YES;
				CLANG_WARN_UNGUARDED_AVAILABILITY = YES_AGGRESSIVE;
				CLANG_WARN_UNREACHABLE_CODE = YES;
				CLANG_WARN__DUPLICATE_METHOD_MATCH = YES;
				CODE_SIGN_IDENTITY = "-";
				COPY_PHASE_STRIP = NO;
				DEBUG_INFORMATION_FORMAT = "dwarf-with-dsym";
				ENABLE_NS_ASSERTIONS = NO;
				ENABLE_STRICT_OBJC_MSGSEND = YES;
				GCC_C_LANGUAGE_STANDARD = gnu11;
				GCC_NO_COMMON_BLOCKS = YES;
				GCC_WARN_64_TO_32_BIT_CONVERSION = YES;
				GCC_WARN_ABOUT_RETURN_TYPE = YES_ERROR;
				GCC_WARN_UNDECLARED_SELECTOR = YES;
				GCC_WARN_UNINITIALIZED_AUTOS = YES_AGGRESSIVE;
				GCC_WARN_UNUSED_FUNCTION = YES;
				GCC_WARN_UNUSED_VARIABLE = YES;
				MACOSX_DEPLOYMENT_TARGET = 10.13;
				MTL_ENABLE_DEBUG_INFO = NO;
				SDKROOT = macosx;
			};
			name = Release;
		};
		DBA5B5861F8C136100490BDA /* Debug */ = {
			isa = XCBuildConfiguration;
			buildSettings = {
				CODE_SIGN_STYLE = Automatic;
				PRODUCT_NAME = "$(TARGET_NAME)";
			};
			name = Debug;
		};
		DBA5B5871F8C136100490BDA /* Release */ = {
			isa = XCBuildConfiguration;
			buildSettings = {
				CODE_SIGN_STYLE = Automatic;
				PRODUCT_NAME = "$(TARGET_NAME)";
			};
			name = Release;
		};
		DBA5B5901F8C137800490BDA /* Debug */ = {
			isa = XCBuildConfiguration;
			buildSettings = {
				CODE_SIGN_STYLE = Automatic;
				PRODUCT_NAME = "$(TARGET_NAME)";
			};
			name = Debug;
		};
		DBA5B5911F8C137800490BDA /* Release */ = {
			isa = XCBuildConfiguration;
			buildSettings = {
				CODE_SIGN_STYLE = Automatic;
				PRODUCT_NAME = "$(TARGET_NAME)";
			};
			name = Release;
		};
		DBA5B59C1F8C16A900490BDA /* Debug */ = {
			isa = XCBuildConfiguration;
			buildSettings = {
				CODE_SIGN_STYLE = Automatic;
				PRODUCT_NAME = "$(TARGET_NAME)";
			};
			name = Debug;
		};
		DBA5B59D1F8C16A900490BDA /* Release */ = {
			isa = XCBuildConfiguration;
			buildSettings = {
				CODE_SIGN_STYLE = Automatic;
				PRODUCT_NAME = "$(TARGET_NAME)";
			};
			name = Release;
		};
/* End XCBuildConfiguration section */

/* Begin XCConfigurationList section */
		DBA5B5791F8C136100490BDA /* Build configuration list for PBXProject "Div2.397" */ = {
			isa = XCConfigurationList;
			buildConfigurations = (
				DBA5B5831F8C136100490BDA /* Debug */,
				DBA5B5841F8C136100490BDA /* Release */,
			);
			defaultConfigurationIsVisible = 0;
			defaultConfigurationName = Release;
		};
		DBA5B5851F8C136100490BDA /* Build configuration list for PBXNativeTarget "A" */ = {
			isa = XCConfigurationList;
			buildConfigurations = (
				DBA5B5861F8C136100490BDA /* Debug */,
				DBA5B5871F8C136100490BDA /* Release */,
			);
			defaultConfigurationIsVisible = 0;
			defaultConfigurationName = Release;
		};
		DBA5B58F1F8C137800490BDA /* Build configuration list for PBXNativeTarget "B" */ = {
			isa = XCConfigurationList;
			buildConfigurations = (
				DBA5B5901F8C137800490BDA /* Debug */,
				DBA5B5911F8C137800490BDA /* Release */,
			);
			defaultConfigurationIsVisible = 0;
			defaultConfigurationName = Release;
		};
		DBA5B59B1F8C16A900490BDA /* Build configuration list for PBXNativeTarget "C" */ = {
			isa = XCConfigurationList;
			buildConfigurations = (
				DBA5B59C1F8C16A900490BDA /* Debug */,
				DBA5B59D1F8C16A900490BDA /* Release */,
			);
			defaultConfigurationIsVisible = 0;
			defaultConfigurationName = Release;
		};
/* End XCConfigurationList section */
	};
	rootObject = DBA5B5761F8C136100490BDA /* Project object */;
}
