// !$*UTF8*$!
{
	archiveVersion = 1;
	classes = {
	};
	objectVersion = 48;
	objects = {

/* Begin PBXBuildFile section */
		DB02A02E1F79B2A0003EBEFF /* B.cpp in Sources */ = {isa = PBXBuildFile; fileRef = DB02A02D1F79B2A0003EBEFF /* B.cpp */; };
		DB02A0501F79B36E003EBEFF /* C.cpp in Sources */ = {isa = PBXBuildFile; fileRef = DB02A04F1F79B36E003EBEFF /* C.cpp */; };
		DB02A0521F79B3D7003EBEFF /* A.cpp in Sources */ = {isa = PBXBuildFile; fileRef = DB02A0511F79B3D7003EBEFF /* A.cpp */; };
		DB02A0541F79B868003EBEFF /* D.cpp in Sources */ = {isa = PBXBuildFile; fileRef = DB02A0531F79B868003EBEFF /* D.cpp */; };
/* End PBXBuildFile section */

/* Begin PBXCopyFilesBuildPhase section */
		DB02A0281F79B2A0003EBEFF /* CopyFiles */ = {
			isa = PBXCopyFilesBuildPhase;
			buildActionMask = 2147483647;
			dstPath = /usr/share/man/man1/;
			dstSubfolderSpec = 0;
			files = (
			);
			runOnlyForDeploymentPostprocessing = 1;
		};
		DB02A0381F79B319003EBEFF /* CopyFiles */ = {
			isa = PBXCopyFilesBuildPhase;
			buildActionMask = 2147483647;
			dstPath = /usr/share/man/man1/;
			dstSubfolderSpec = 0;
			files = (
			);
			runOnlyForDeploymentPostprocessing = 1;
		};
		DB02A0411F79B321003EBEFF /* CopyFiles */ = {
			isa = PBXCopyFilesBuildPhase;
			buildActionMask = 2147483647;
			dstPath = /usr/share/man/man1/;
			dstSubfolderSpec = 0;
			files = (
			);
			runOnlyForDeploymentPostprocessing = 1;
		};
		DB02A04A1F79B324003EBEFF /* CopyFiles */ = {
			isa = PBXCopyFilesBuildPhase;
			buildActionMask = 2147483647;
			dstPath = /usr/share/man/man1/;
			dstSubfolderSpec = 0;
			files = (
			);
			runOnlyForDeploymentPostprocessing = 1;
		};
/* End PBXCopyFilesBuildPhase section */

/* Begin PBXFileReference section */
		DB02A02A1F79B2A0003EBEFF /* B */ = {isa = PBXFileReference; explicitFileType = "compiled.mach-o.executable"; includeInIndex = 0; path = B; sourceTree = BUILT_PRODUCTS_DIR; };
		DB02A02D1F79B2A0003EBEFF /* B.cpp */ = {isa = PBXFileReference; lastKnownFileType = sourcecode.cpp.cpp; path = B.cpp; sourceTree = "<group>"; };
		DB02A03C1F79B319003EBEFF /* A */ = {isa = PBXFileReference; explicitFileType = "compiled.mach-o.executable"; includeInIndex = 0; path = A; sourceTree = BUILT_PRODUCTS_DIR; };
		DB02A0451F79B321003EBEFF /* C */ = {isa = PBXFileReference; explicitFileType = "compiled.mach-o.executable"; includeInIndex = 0; path = C; sourceTree = BUILT_PRODUCTS_DIR; };
		DB02A04E1F79B324003EBEFF /* D */ = {isa = PBXFileReference; explicitFileType = "compiled.mach-o.executable"; includeInIndex = 0; path = D; sourceTree = BUILT_PRODUCTS_DIR; };
		DB02A04F1F79B36E003EBEFF /* C.cpp */ = {isa = PBXFileReference; lastKnownFileType = sourcecode.cpp.cpp; path = C.cpp; sourceTree = "<group>"; };
		DB02A0511F79B3D7003EBEFF /* A.cpp */ = {isa = PBXFileReference; lastKnownFileType = sourcecode.cpp.cpp; path = A.cpp; sourceTree = "<group>"; };
		DB02A0531F79B868003EBEFF /* D.cpp */ = {isa = PBXFileReference; lastKnownFileType = sourcecode.cpp.cpp; path = D.cpp; sourceTree = "<group>"; };
/* End PBXFileReference section */

/* Begin PBXFrameworksBuildPhase section */
		DB02A0271F79B2A0003EBEFF /* Frameworks */ = {
			isa = PBXFrameworksBuildPhase;
			buildActionMask = 2147483647;
			files = (
			);
			runOnlyForDeploymentPostprocessing = 0;
		};
		DB02A0371F79B319003EBEFF /* Frameworks */ = {
			isa = PBXFrameworksBuildPhase;
			buildActionMask = 2147483647;
			files = (
			);
			runOnlyForDeploymentPostprocessing = 0;
		};
		DB02A0401F79B321003EBEFF /* Frameworks */ = {
			isa = PBXFrameworksBuildPhase;
			buildActionMask = 2147483647;
			files = (
			);
			runOnlyForDeploymentPostprocessing = 0;
		};
		DB02A0491F79B324003EBEFF /* Frameworks */ = {
			isa = PBXFrameworksBuildPhase;
			buildActionMask = 2147483647;
			files = (
			);
			runOnlyForDeploymentPostprocessing = 0;
		};
/* End PBXFrameworksBuildPhase section */

/* Begin PBXGroup section */
		DB02A0211F79B2A0003EBEFF = {
			isa = PBXGroup;
			children = (
				DB02A02C1F79B2A0003EBEFF /* Div2.436 */,
				DB02A02B1F79B2A0003EBEFF /* Products */,
			);
			sourceTree = "<group>";
		};
		DB02A02B1F79B2A0003EBEFF /* Products */ = {
			isa = PBXGroup;
			children = (
				DB02A02A1F79B2A0003EBEFF /* B */,
				DB02A03C1F79B319003EBEFF /* A */,
				DB02A0451F79B321003EBEFF /* C */,
				DB02A04E1F79B324003EBEFF /* D */,
			);
			name = Products;
			sourceTree = "<group>";
		};
		DB02A02C1F79B2A0003EBEFF /* Div2.436 */ = {
			isa = PBXGroup;
			children = (
				DB02A0511F79B3D7003EBEFF /* A.cpp */,
				DB02A02D1F79B2A0003EBEFF /* B.cpp */,
				DB02A04F1F79B36E003EBEFF /* C.cpp */,
				DB02A0531F79B868003EBEFF /* D.cpp */,
			);
			path = Div2.436;
			sourceTree = "<group>";
		};
/* End PBXGroup section */

/* Begin PBXNativeTarget section */
		DB02A0291F79B2A0003EBEFF /* B */ = {
			isa = PBXNativeTarget;
			buildConfigurationList = DB02A0311F79B2A0003EBEFF /* Build configuration list for PBXNativeTarget "B" */;
			buildPhases = (
				DB02A0261F79B2A0003EBEFF /* Sources */,
				DB02A0271F79B2A0003EBEFF /* Frameworks */,
				DB02A0281F79B2A0003EBEFF /* CopyFiles */,
			);
			buildRules = (
			);
			dependencies = (
			);
			name = B;
			productName = Div2.436;
			productReference = DB02A02A1F79B2A0003EBEFF /* B */;
			productType = "com.apple.product-type.tool";
		};
		DB02A0341F79B319003EBEFF /* A */ = {
			isa = PBXNativeTarget;
			buildConfigurationList = DB02A0391F79B319003EBEFF /* Build configuration list for PBXNativeTarget "A" */;
			buildPhases = (
				DB02A0351F79B319003EBEFF /* Sources */,
				DB02A0371F79B319003EBEFF /* Frameworks */,
				DB02A0381F79B319003EBEFF /* CopyFiles */,
			);
			buildRules = (
			);
			dependencies = (
			);
			name = A;
			productName = Div2.436;
			productReference = DB02A03C1F79B319003EBEFF /* A */;
			productType = "com.apple.product-type.tool";
		};
		DB02A03D1F79B321003EBEFF /* C */ = {
			isa = PBXNativeTarget;
			buildConfigurationList = DB02A0421F79B321003EBEFF /* Build configuration list for PBXNativeTarget "C" */;
			buildPhases = (
				DB02A03E1F79B321003EBEFF /* Sources */,
				DB02A0401F79B321003EBEFF /* Frameworks */,
				DB02A0411F79B321003EBEFF /* CopyFiles */,
			);
			buildRules = (
			);
			dependencies = (
			);
			name = C;
			productName = Div2.436;
			productReference = DB02A0451F79B321003EBEFF /* C */;
			productType = "com.apple.product-type.tool";
		};
		DB02A0461F79B324003EBEFF /* D */ = {
			isa = PBXNativeTarget;
			buildConfigurationList = DB02A04B1F79B324003EBEFF /* Build configuration list for PBXNativeTarget "D" */;
			buildPhases = (
				DB02A0471F79B324003EBEFF /* Sources */,
				DB02A0491F79B324003EBEFF /* Frameworks */,
				DB02A04A1F79B324003EBEFF /* CopyFiles */,
			);
			buildRules = (
			);
			dependencies = (
			);
			name = D;
			productName = Div2.436;
			productReference = DB02A04E1F79B324003EBEFF /* D */;
			productType = "com.apple.product-type.tool";
		};
/* End PBXNativeTarget section */

/* Begin PBXProject section */
		DB02A0221F79B2A0003EBEFF /* Project object */ = {
			isa = PBXProject;
			attributes = {
				LastUpgradeCheck = 0900;
				ORGANIZATIONNAME = AreWeRedYet;
				TargetAttributes = {
					DB02A0291F79B2A0003EBEFF = {
						CreatedOnToolsVersion = 9.0;
						ProvisioningStyle = Automatic;
					};
					DB02A0341F79B319003EBEFF = {
						ProvisioningStyle = Automatic;
					};
					DB02A03D1F79B321003EBEFF = {
						ProvisioningStyle = Automatic;
					};
					DB02A0461F79B324003EBEFF = {
						ProvisioningStyle = Automatic;
					};
				};
			};
			buildConfigurationList = DB02A0251F79B2A0003EBEFF /* Build configuration list for PBXProject "Div2.436" */;
			compatibilityVersion = "Xcode 8.0";
			developmentRegion = en;
			hasScannedForEncodings = 0;
			knownRegions = (
				en,
			);
			mainGroup = DB02A0211F79B2A0003EBEFF;
			productRefGroup = DB02A02B1F79B2A0003EBEFF /* Products */;
			projectDirPath = "";
			projectRoot = "";
			targets = (
				DB02A0341F79B319003EBEFF /* A */,
				DB02A0291F79B2A0003EBEFF /* B */,
				DB02A03D1F79B321003EBEFF /* C */,
				DB02A0461F79B324003EBEFF /* D */,
			);
		};
/* End PBXProject section */

/* Begin PBXSourcesBuildPhase section */
		DB02A0261F79B2A0003EBEFF /* Sources */ = {
			isa = PBXSourcesBuildPhase;
			buildActionMask = 2147483647;
			files = (
				DB02A02E1F79B2A0003EBEFF /* B.cpp in Sources */,
			);
			runOnlyForDeploymentPostprocessing = 0;
		};
		DB02A0351F79B319003EBEFF /* Sources */ = {
			isa = PBXSourcesBuildPhase;
			buildActionMask = 2147483647;
			files = (
				DB02A0521F79B3D7003EBEFF /* A.cpp in Sources */,
			);
			runOnlyForDeploymentPostprocessing = 0;
		};
		DB02A03E1F79B321003EBEFF /* Sources */ = {
			isa = PBXSourcesBuildPhase;
			buildActionMask = 2147483647;
			files = (
				DB02A0501F79B36E003EBEFF /* C.cpp in Sources */,
			);
			runOnlyForDeploymentPostprocessing = 0;
		};
		DB02A0471F79B324003EBEFF /* Sources */ = {
			isa = PBXSourcesBuildPhase;
			buildActionMask = 2147483647;
			files = (
				DB02A0541F79B868003EBEFF /* D.cpp in Sources */,
			);
			runOnlyForDeploymentPostprocessing = 0;
		};
/* End PBXSourcesBuildPhase section */

/* Begin XCBuildConfiguration section */
		DB02A02F1F79B2A0003EBEFF /* Debug */ = {
			isa = XCBuildConfiguration;
			buildSettings = {
				ALWAYS_SEARCH_USER_PATHS = NO;
				CLANG_ANALYZER_NONNULL = YES;
				CLANG_ANALYZER_NUMBER_OBJECT_CONVERSION = YES_AGGRESSIVE;
				CLANG_CXX_LANGUAGE_STANDARD = "gnu++14";
				CLANG_CXX_LIBRARY = "libc++";
				CLANG_ENABLE_MODULES = YES;
				CLANG_ENABLE_OBJC_ARC = YES;
				CLANG_WARN_BLOCK_CAPTURE_AUTORELEASING = YES;
				CLANG_WARN_BOOL_CONVERSION = YES;
				CLANG_WARN_COMMA = YES;
				CLANG_WARN_CONSTANT_CONVERSION = YES;
				CLANG_WARN_DIRECT_OBJC_ISA_USAGE = YES_ERROR;
				CLANG_WARN_DOCUMENTATION_COMMENTS = YES;
				CLANG_WARN_EMPTY_BODY = YES;
				CLANG_WARN_ENUM_CONVERSION = YES;
				CLANG_WARN_INFINITE_RECURSION = YES;
				CLANG_WARN_INT_CONVERSION = YES;
				CLANG_WARN_NON_LITERAL_NULL_CONVERSION = YES;
				CLANG_WARN_OBJC_LITERAL_CONVERSION = YES;
				CLANG_WARN_OBJC_ROOT_CLASS = YES_ERROR;
				CLANG_WARN_RANGE_LOOP_ANALYSIS = YES;
				CLANG_WARN_STRICT_PROTOTYPES = YES;
				CLANG_WARN_SUSPICIOUS_MOVE = YES;
				CLANG_WARN_UNGUARDED_AVAILABILITY = YES_AGGRESSIVE;
				CLANG_WARN_UNREACHABLE_CODE = YES;
				CLANG_WARN__DUPLICATE_METHOD_MATCH = YES;
				CODE_SIGN_IDENTITY = "-";
				COPY_PHASE_STRIP = NO;
				DEBUG_INFORMATION_FORMAT = dwarf;
				ENABLE_STRICT_OBJC_MSGSEND = YES;
				ENABLE_TESTABILITY = YES;
				GCC_C_LANGUAGE_STANDARD = gnu11;
				GCC_DYNAMIC_NO_PIC = NO;
				GCC_NO_COMMON_BLOCKS = YES;
				GCC_OPTIMIZATION_LEVEL = 0;
				GCC_PREPROCESSOR_DEFINITIONS = (
					"DEBUG=1",
					"$(inherited)",
				);
				GCC_WARN_64_TO_32_BIT_CONVERSION = YES;
				GCC_WARN_ABOUT_RETURN_TYPE = YES_ERROR;
				GCC_WARN_UNDECLARED_SELECTOR = YES;
				GCC_WARN_UNINITIALIZED_AUTOS = YES_AGGRESSIVE;
				GCC_WARN_UNUSED_FUNCTION = YES;
				GCC_WARN_UNUSED_VARIABLE = YES;
				MACOSX_DEPLOYMENT_TARGET = 10.12;
				MTL_ENABLE_DEBUG_INFO = YES;
				ONLY_ACTIVE_ARCH = YES;
				SDKROOT = macosx;
			};
			name = Debug;
		};
		DB02A0301F79B2A0003EBEFF /* Release */ = {
			isa = XCBuildConfiguration;
			buildSettings = {
				ALWAYS_SEARCH_USER_PATHS = NO;
				CLANG_ANALYZER_NONNULL = YES;
				CLANG_ANALYZER_NUMBER_OBJECT_CONVERSION = YES_AGGRESSIVE;
				CLANG_CXX_LANGUAGE_STANDARD = "gnu++14";
				CLANG_CXX_LIBRARY = "libc++";
				CLANG_ENABLE_MODULES = YES;
				CLANG_ENABLE_OBJC_ARC = YES;
				CLANG_WARN_BLOCK_CAPTURE_AUTORELEASING = YES;
				CLANG_WARN_BOOL_CONVERSION = YES;
				CLANG_WARN_COMMA = YES;
				CLANG_WARN_CONSTANT_CONVERSION = YES;
				CLANG_WARN_DIRECT_OBJC_ISA_USAGE = YES_ERROR;
				CLANG_WARN_DOCUMENTATION_COMMENTS = YES;
				CLANG_WARN_EMPTY_BODY = YES;
				CLANG_WARN_ENUM_CONVERSION = YES;
				CLANG_WARN_INFINITE_RECURSION = YES;
				CLANG_WARN_INT_CONVERSION = YES;
				CLANG_WARN_NON_LITERAL_NULL_CONVERSION = YES;
				CLANG_WARN_OBJC_LITERAL_CONVERSION = YES;
				CLANG_WARN_OBJC_ROOT_CLASS = YES_ERROR;
				CLANG_WARN_RANGE_LOOP_ANALYSIS = YES;
				CLANG_WARN_STRICT_PROTOTYPES = YES;
				CLANG_WARN_SUSPICIOUS_MOVE = YES;
				CLANG_WARN_UNGUARDED_AVAILABILITY = YES_AGGRESSIVE;
				CLANG_WARN_UNREACHABLE_CODE = YES;
				CLANG_WARN__DUPLICATE_METHOD_MATCH = YES;
				CODE_SIGN_IDENTITY = "-";
				COPY_PHASE_STRIP = NO;
				DEBUG_INFORMATION_FORMAT = "dwarf-with-dsym";
				ENABLE_NS_ASSERTIONS = NO;
				ENABLE_STRICT_OBJC_MSGSEND = YES;
				GCC_C_LANGUAGE_STANDARD = gnu11;
				GCC_NO_COMMON_BLOCKS = YES;
				GCC_WARN_64_TO_32_BIT_CONVERSION = YES;
				GCC_WARN_ABOUT_RETURN_TYPE = YES_ERROR;
				GCC_WARN_UNDECLARED_SELECTOR = YES;
				GCC_WARN_UNINITIALIZED_AUTOS = YES_AGGRESSIVE;
				GCC_WARN_UNUSED_FUNCTION = YES;
				GCC_WARN_UNUSED_VARIABLE = YES;
				MACOSX_DEPLOYMENT_TARGET = 10.12;
				MTL_ENABLE_DEBUG_INFO = NO;
				SDKROOT = macosx;
			};
			name = Release;
		};
		DB02A0321F79B2A0003EBEFF /* Debug */ = {
			isa = XCBuildConfiguration;
			buildSettings = {
				CODE_SIGN_STYLE = Automatic;
				PRODUCT_NAME = "$(TARGET_NAME)";
			};
			name = Debug;
		};
		DB02A0331F79B2A0003EBEFF /* Release */ = {
			isa = XCBuildConfiguration;
			buildSettings = {
				CODE_SIGN_STYLE = Automatic;
				PRODUCT_NAME = "$(TARGET_NAME)";
			};
			name = Release;
		};
		DB02A03A1F79B319003EBEFF /* Debug */ = {
			isa = XCBuildConfiguration;
			buildSettings = {
				CODE_SIGN_STYLE = Automatic;
				PRODUCT_NAME = "$(TARGET_NAME)";
			};
			name = Debug;
		};
		DB02A03B1F79B319003EBEFF /* Release */ = {
			isa = XCBuildConfiguration;
			buildSettings = {
				CODE_SIGN_STYLE = Automatic;
				PRODUCT_NAME = "$(TARGET_NAME)";
			};
			name = Release;
		};
		DB02A0431F79B321003EBEFF /* Debug */ = {
			isa = XCBuildConfiguration;
			buildSettings = {
				CODE_SIGN_STYLE = Automatic;
				PRODUCT_NAME = "$(TARGET_NAME)";
			};
			name = Debug;
		};
		DB02A0441F79B321003EBEFF /* Release */ = {
			isa = XCBuildConfiguration;
			buildSettings = {
				CODE_SIGN_STYLE = Automatic;
				PRODUCT_NAME = "$(TARGET_NAME)";
			};
			name = Release;
		};
		DB02A04C1F79B324003EBEFF /* Debug */ = {
			isa = XCBuildConfiguration;
			buildSettings = {
				CODE_SIGN_STYLE = Automatic;
				PRODUCT_NAME = "$(TARGET_NAME)";
			};
			name = Debug;
		};
		DB02A04D1F79B324003EBEFF /* Release */ = {
			isa = XCBuildConfiguration;
			buildSettings = {
				CODE_SIGN_STYLE = Automatic;
				PRODUCT_NAME = "$(TARGET_NAME)";
			};
			name = Release;
		};
/* End XCBuildConfiguration section */

/* Begin XCConfigurationList section */
		DB02A0251F79B2A0003EBEFF /* Build configuration list for PBXProject "Div2.436" */ = {
			isa = XCConfigurationList;
			buildConfigurations = (
				DB02A02F1F79B2A0003EBEFF /* Debug */,
				DB02A0301F79B2A0003EBEFF /* Release */,
			);
			defaultConfigurationIsVisible = 0;
			defaultConfigurationName = Release;
		};
		DB02A0311F79B2A0003EBEFF /* Build configuration list for PBXNativeTarget "B" */ = {
			isa = XCConfigurationList;
			buildConfigurations = (
				DB02A0321F79B2A0003EBEFF /* Debug */,
				DB02A0331F79B2A0003EBEFF /* Release */,
			);
			defaultConfigurationIsVisible = 0;
			defaultConfigurationName = Release;
		};
		DB02A0391F79B319003EBEFF /* Build configuration list for PBXNativeTarget "A" */ = {
			isa = XCConfigurationList;
			buildConfigurations = (
				DB02A03A1F79B319003EBEFF /* Debug */,
				DB02A03B1F79B319003EBEFF /* Release */,
			);
			defaultConfigurationIsVisible = 0;
			defaultConfigurationName = Release;
		};
		DB02A0421F79B321003EBEFF /* Build configuration list for PBXNativeTarget "C" */ = {
			isa = XCConfigurationList;
			buildConfigurations = (
				DB02A0431F79B321003EBEFF /* Debug */,
				DB02A0441F79B321003EBEFF /* Release */,
			);
			defaultConfigurationIsVisible = 0;
			defaultConfigurationName = Release;
		};
		DB02A04B1F79B324003EBEFF /* Build configuration list for PBXNativeTarget "D" */ = {
			isa = XCConfigurationList;
			buildConfigurations = (
				DB02A04C1F79B324003EBEFF /* Debug */,
				DB02A04D1F79B324003EBEFF /* Release */,
			);
			defaultConfigurationIsVisible = 0;
			defaultConfigurationName = Release;
		};
/* End XCConfigurationList section */
	};
	rootObject = DB02A0221F79B2A0003EBEFF /* Project object */;
}
